{
  "version": 4,
  "terraform_version": "1.13.4",
  "serial": 88,
  "lineage": "de111933-b33e-a013-bb6e-656edfee6979",
  "outputs": {
    "container_app": {
      "value": {
        "container_app_environment_id": "/subscriptions/e968995a-e76b-4fbc-aaab-b176b8a06e0d/resourceGroups/rgp-n8n-poc-eus/providers/Microsoft.App/managedEnvironments/caenv-n8n-poc-eus",
        "id": "/subscriptions/e968995a-e76b-4fbc-aaab-b176b8a06e0d/resourceGroups/rgp-n8n-poc-eus/providers/Microsoft.App/containerApps/ca-n8n-poc-eus",
        "internal_fqdn": "ca-n8n-poc-eus.happyriver-49b5b22c.eastus.azurecontainerapps.io",
        "latest_revision_fqdn": "ca-n8n-poc-eus--0000002.happyriver-49b5b22c.eastus.azurecontainerapps.io",
        "latest_revision_name": "ca-n8n-poc-eus--0000002",
        "name": "ca-n8n-poc-eus",
        "outbound_ip_addresses": [
          "20.127.248.50",
          "20.241.171.30",
          "20.169.229.88",
          "20.169.229.46",
          "20.169.229.29",
          "20.169.229.38",
          "20.169.229.62",
          "20.169.229.109",
          "20.169.229.92",
          "20.169.229.27",
          "20.169.229.51",
          "20.169.229.42",
          "20.241.172.248",
          "48.216.192.198",
          "40.90.243.232",
          "40.90.242.126",
          "135.237.112.47",
          "51.8.74.190",
          "4.157.197.142",
          "172.210.91.191",
          "172.210.90.42",
          "40.90.243.227",
          "40.90.243.72",
          "20.241.172.250",
          "52.234.235.220",
          "57.152.55.92",
          "172.212.36.156",
          "172.210.121.45",
          "172.214.2.208",
          "51.8.15.68",
          "172.210.90.119",
          "134.33.213.81",
          "128.203.83.220",
          "20.241.192.93",
          "20.246.203.138",
          "172.212.121.150",
          "172.171.186.158",
          "52.249.213.152",
          "74.179.213.114",
          "4.246.239.152",
          "4.156.216.65",
          "4.157.231.174",
          "172.171.168.136",
          "20.185.213.14",
          "20.246.203.140",
          "13.82.216.169",
          "13.82.216.172",
          "13.82.216.149",
          "52.170.33.171",
          "20.231.246.122",
          "20.231.246.54",
          "40.121.19.105",
          "40.121.18.246",
          "40.121.18.166",
          "40.121.18.60",
          "40.121.18.21",
          "40.121.18.44",
          "40.121.18.41",
          "40.121.18.248",
          "40.121.18.82",
          "40.121.19.108",
          "20.231.247.19",
          "40.121.19.125",
          "40.121.18.46",
          "40.117.125.130",
          "40.121.18.52",
          "40.121.18.33",
          "40.121.18.238",
          "40.121.19.2",
          "40.121.19.122",
          "40.121.19.19",
          "40.121.18.114",
          "20.231.246.253",
          "40.121.18.255",
          "40.121.18.164",
          "40.117.121.106",
          "40.121.18.27",
          "40.121.18.156",
          "40.121.18.117",
          "40.121.18.197",
          "40.121.18.133",
          "40.121.18.112",
          "40.121.18.106",
          "20.241.227.6",
          "40.121.19.89",
          "40.121.19.83",
          "40.121.18.131",
          "40.121.18.201",
          "40.121.18.170",
          "40.121.18.242",
          "13.92.130.42",
          "40.121.19.42",
          "40.121.18.73",
          "40.121.18.43",
          "20.241.226.169",
          "51.8.12.17",
          "4.156.180.142",
          "20.242.162.124",
          "40.121.19.74",
          "40.121.19.40",
          "40.121.18.62",
          "40.121.18.244",
          "48.194.66.228"
        ]
      },
      "type": [
        "object",
        {
          "container_app_environment_id": "string",
          "id": "string",
          "internal_fqdn": "string",
          "latest_revision_fqdn": "string",
          "latest_revision_name": "string",
          "name": "string",
          "outbound_ip_addresses": [
            "list",
            "string"
          ]
        }
      ]
    },
    "container_app_environment": {
      "value": {
        "default_domain": "happyriver-49b5b22c.eastus.azurecontainerapps.io",
        "docker_bridge_cidr": "",
        "id": "/subscriptions/e968995a-e76b-4fbc-aaab-b176b8a06e0d/resourceGroups/rgp-n8n-poc-eus/providers/Microsoft.App/managedEnvironments/caenv-n8n-poc-eus",
        "name": "caenv-n8n-poc-eus",
        "platform_reserved_cidr": "",
        "platform_reserved_dns_ip": "",
        "static_ip_address": "172.171.90.189"
      },
      "type": [
        "object",
        {
          "default_domain": "string",
          "docker_bridge_cidr": "string",
          "id": "string",
          "name": "string",
          "platform_reserved_cidr": "string",
          "platform_reserved_dns_ip": "string",
          "static_ip_address": "string"
        }
      ]
    },
    "container_app_identity": {
      "value": {
        "client_id": "45ab1007-6645-4c3f-8f68-ed43f4aa06d1",
        "id": "/subscriptions/e968995a-e76b-4fbc-aaab-b176b8a06e0d/resourceGroups/rgp-n8n-poc-eus/providers/Microsoft.ManagedIdentity/userAssignedIdentities/id-ca-n8n-poc-eus-containerapp",
        "principal_id": "bfd87636-e1c7-4c16-870c-f067b3f69beb"
      },
      "type": [
        "object",
        {
          "client_id": "string",
          "id": "string",
          "principal_id": "string"
        }
      ]
    },
    "container_registry": {
      "value": {
        "id": "/subscriptions/e968995a-e76b-4fbc-aaab-b176b8a06e0d/resourceGroups/rgp-n8n-poc-eus/providers/Microsoft.ContainerRegistry/registries/cregn8npoceus",
        "login_server": "cregn8npoceus.azurecr.io",
        "name": "cregn8npoceus"
      },
      "type": [
        "object",
        {
          "id": "string",
          "login_server": "string",
          "name": "string"
        }
      ]
    },
    "key_vault": {
      "value": {
        "id": "/subscriptions/e968995a-e76b-4fbc-aaab-b176b8a06e0d/resourceGroups/rgp-n8n-poc-eus/providers/Microsoft.KeyVault/vaults/kvl-n8n-poc-eus",
        "name": "kvl-n8n-poc-eus",
        "private_endpoint_ip": "10.0.4.6",
        "secret_names": [
          "postgresql-admin-password",
          "n8n-encryption-key",
          "tiktok-api-key"
        ],
        "vault_uri": "https://kvl-n8n-poc-eus.vault.azure.net/"
      },
      "type": [
        "object",
        {
          "id": "string",
          "name": "string",
          "private_endpoint_ip": "string",
          "secret_names": [
            "tuple",
            [
              "string",
              "string",
              "string"
            ]
          ],
          "vault_uri": "string"
        }
      ]
    },
    "log_analytics_workspace": {
      "value": {
        "id": "/subscriptions/e968995a-e76b-4fbc-aaab-b176b8a06e0d/resourceGroups/rgp-n8n-poc-eus/providers/Microsoft.OperationalInsights/workspaces/law-n8n-poc-eus",
        "name": "law-n8n-poc-eus",
        "workspace_id": "49b3a926-5da1-44da-9b57-0fd66a018233"
      },
      "type": [
        "object",
        {
          "id": "string",
          "name": "string",
          "workspace_id": "string"
        }
      ]
    },
    "postgresql_server": {
      "value": {
        "database_names": [
          "n8n"
        ],
        "fqdn": "db-n8n-poc-eus.postgres.database.azure.com",
        "id": "/subscriptions/e968995a-e76b-4fbc-aaab-b176b8a06e0d/resourceGroups/rgp-n8n-poc-eus/providers/Microsoft.DBforPostgreSQL/flexibleServers/db-n8n-poc-eus",
        "name": "db-n8n-poc-eus",
        "private_endpoint_ip": "10.0.4.7",
        "public_access_enabled": false
      },
      "type": [
        "object",
        {
          "database_names": [
            "tuple",
            [
              "string"
            ]
          ],
          "fqdn": "string",
          "id": "string",
          "name": "string",
          "private_endpoint_ip": "string",
          "public_access_enabled": "bool"
        }
      ]
    },
    "private_dns_zones": {
      "value": {
        "container_app_env": {
          "id": "/subscriptions/e968995a-e76b-4fbc-aaab-b176b8a06e0d/resourceGroups/rgp-n8n-poc-eus/providers/Microsoft.Network/privateDnsZones/privatelink.azurecontainerapps.io",
          "name": "privatelink.azurecontainerapps.io"
        },
        "keyvault": {
          "id": "/subscriptions/e968995a-e76b-4fbc-aaab-b176b8a06e0d/resourceGroups/rgp-n8n-poc-eus/providers/Microsoft.Network/privateDnsZones/privatelink.vaultcore.azure.net",
          "name": "privatelink.vaultcore.azure.net"
        },
        "postgresql": {
          "id": "/subscriptions/e968995a-e76b-4fbc-aaab-b176b8a06e0d/resourceGroups/rgp-n8n-poc-eus/providers/Microsoft.Network/privateDnsZones/privatelink.postgres.database.azure.com",
          "name": "privatelink.postgres.database.azure.com"
        }
      },
      "type": [
        "object",
        {
          "container_app_env": [
            "object",
            {
              "id": "string",
              "name": "string"
            }
          ],
          "keyvault": [
            "object",
            {
              "id": "string",
              "name": "string"
            }
          ],
          "postgresql": [
            "object",
            {
              "id": "string",
              "name": "string"
            }
          ]
        }
      ]
    },
    "subnets": {
      "value": {
        "app_subnet": {
          "id": "/subscriptions/e968995a-e76b-4fbc-aaab-b176b8a06e0d/resourceGroups/rgp-n8n-poc-eus/providers/Microsoft.Network/virtualNetworks/vnet-n8n-poc-eus/subnets/subnet-n8n-poc-eus-app",
          "name": "subnet-n8n-poc-eus-app"
        },
        "private_endpoint_subnet": {
          "id": "/subscriptions/e968995a-e76b-4fbc-aaab-b176b8a06e0d/resourceGroups/rgp-n8n-poc-eus/providers/Microsoft.Network/virtualNetworks/vnet-n8n-poc-eus/subnets/subnet-n8n-poc-eus-pe",
          "name": "subnet-n8n-poc-eus-pe"
        }
      },
      "type": [
        "object",
        {
          "app_subnet": [
            "object",
            {
              "id": "string",
              "name": "string"
            }
          ],
          "private_endpoint_subnet": [
            "object",
            {
              "id": "string",
              "name": "string"
            }
          ]
        }
      ]
    },
    "trends_mcp_container_app": {
      "value": {
        "container_app_environment_id": "/subscriptions/e968995a-e76b-4fbc-aaab-b176b8a06e0d/resourceGroups/rgp-n8n-poc-eus/providers/Microsoft.App/managedEnvironments/caenv-n8n-poc-eus",
        "external_url": "https://ca-trends-mcp-n8n-poc-eus--6b05jax.happyriver-49b5b22c.eastus.azurecontainerapps.io",
        "id": "/subscriptions/e968995a-e76b-4fbc-aaab-b176b8a06e0d/resourceGroups/rgp-n8n-poc-eus/providers/Microsoft.App/containerApps/ca-trends-mcp-n8n-poc-eus",
        "internal_fqdn": "ca-trends-mcp-n8n-poc-eus.happyriver-49b5b22c.eastus.azurecontainerapps.io",
        "latest_revision_fqdn": "ca-trends-mcp-n8n-poc-eus--6b05jax.happyriver-49b5b22c.eastus.azurecontainerapps.io",
        "latest_revision_name": "ca-trends-mcp-n8n-poc-eus--6b05jax",
        "name": "ca-trends-mcp-n8n-poc-eus",
        "outbound_ip_addresses": [
          "20.127.248.50",
          "20.241.171.30",
          "20.169.229.88",
          "20.169.229.46",
          "20.169.229.29",
          "20.169.229.38",
          "20.169.229.62",
          "20.169.229.109",
          "20.169.229.92",
          "20.169.229.27",
          "20.169.229.51",
          "20.169.229.42",
          "20.241.172.248",
          "48.216.192.198",
          "40.90.243.232",
          "40.90.242.126",
          "135.237.112.47",
          "51.8.74.190",
          "4.157.197.142",
          "172.210.91.191",
          "172.210.90.42",
          "40.90.243.227",
          "40.90.243.72",
          "20.241.172.250",
          "52.234.235.220",
          "57.152.55.92",
          "172.212.36.156",
          "172.210.121.45",
          "172.214.2.208",
          "51.8.15.68",
          "172.210.90.119",
          "134.33.213.81",
          "128.203.83.220",
          "20.241.192.93",
          "20.246.203.138",
          "172.212.121.150",
          "172.171.186.158",
          "52.249.213.152",
          "74.179.213.114",
          "4.246.239.152",
          "4.156.216.65",
          "4.157.231.174",
          "172.171.168.136",
          "20.185.213.14",
          "20.246.203.140",
          "13.82.216.169",
          "13.82.216.172",
          "13.82.216.149",
          "52.170.33.171",
          "20.231.246.122",
          "20.231.246.54",
          "40.121.19.105",
          "40.121.18.246",
          "40.121.18.166",
          "40.121.18.60",
          "40.121.18.21",
          "40.121.18.44",
          "40.121.18.41",
          "40.121.18.248",
          "40.121.18.82",
          "40.121.19.108",
          "20.231.247.19",
          "40.121.19.125",
          "40.121.18.46",
          "40.117.125.130",
          "40.121.18.52",
          "40.121.18.33",
          "40.121.18.238",
          "40.121.19.2",
          "40.121.19.122",
          "40.121.19.19",
          "40.121.18.114",
          "20.231.246.253",
          "40.121.18.255",
          "40.121.18.164",
          "40.117.121.106",
          "40.121.18.27",
          "40.121.18.156",
          "40.121.18.117",
          "40.121.18.197",
          "40.121.18.133",
          "40.121.18.112",
          "40.121.18.106",
          "20.241.227.6",
          "40.121.19.89",
          "40.121.19.83",
          "40.121.18.131",
          "40.121.18.201",
          "40.121.18.170",
          "40.121.18.242",
          "13.92.130.42",
          "40.121.19.42",
          "40.121.18.73",
          "40.121.18.43",
          "20.241.226.169",
          "51.8.12.17",
          "4.156.180.142",
          "20.242.162.124",
          "40.121.19.74",
          "40.121.19.40",
          "40.121.18.62",
          "40.121.18.244",
          "48.194.66.228"
        ]
      },
      "type": [
        "object",
        {
          "container_app_environment_id": "string",
          "external_url": "string",
          "id": "string",
          "internal_fqdn": "string",
          "latest_revision_fqdn": "string",
          "latest_revision_name": "string",
          "name": "string",
          "outbound_ip_addresses": [
            "list",
            "string"
          ]
        }
      ]
    },
    "virtual_network": {
      "value": {
        "id": "/subscriptions/e968995a-e76b-4fbc-aaab-b176b8a06e0d/resourceGroups/rgp-n8n-poc-eus/providers/Microsoft.Network/virtualNetworks/vnet-n8n-poc-eus",
        "name": "vnet-n8n-poc-eus"
      },
      "type": [
        "object",
        {
          "id": "string",
          "name": "string"
        }
      ]
    }
  },
  "resources": [
    {
      "mode": "data",
      "type": "azurerm_client_config",
      "name": "current",
      "provider": "provider[\"registry.terraform.io/hashicorp/azurerm\"]",
      "instances": [
        {
          "schema_version": 0,
          "attributes": {
            "client_id": "04b07795-8ddb-461a-bbee-02f9e1bf7b46",
            "id": "Y2xpZW50Q29uZmlncy9jbGllbnRJZD0wNGIwNzc5NS04ZGRiLTQ2MWEtYmJlZS0wMmY5ZTFiZjdiNDY7b2JqZWN0SWQ9YzcyMDYyMGMtMGYzMS00Yjk2LTljYzktMTRmYWUxYTU0NGVhO3N1YnNjcmlwdGlvbklkPWU5Njg5OTVhLWU3NmItNGZiYy1hYWFiLWIxNzZiOGEwNmUwZDt0ZW5hbnRJZD1hNDEzNjdlOC01NGQzLTQ1NmUtODczMi1jZDJlZWViYjI4MTY=",
            "object_id": "c720620c-0f31-4b96-9cc9-14fae1a544ea",
            "subscription_id": "e968995a-e76b-4fbc-aaab-b176b8a06e0d",
            "tenant_id": "a41367e8-54d3-456e-8732-cd2eeebb2816",
            "timeouts": null
          },
          "sensitive_attributes": [],
          "identity_schema_version": 0
        }
      ]
    },
    {
      "mode": "managed",
      "type": "azurerm_container_app",
      "name": "n8n_app",
      "provider": "provider[\"registry.terraform.io/hashicorp/azurerm\"]",
      "instances": [
        {
          "schema_version": 0,
          "attributes": {
            "container_app_environment_id": "/subscriptions/e968995a-e76b-4fbc-aaab-b176b8a06e0d/resourceGroups/rgp-n8n-poc-eus/providers/Microsoft.App/managedEnvironments/caenv-n8n-poc-eus",
            "custom_domain_verification_id": "5DB946863B0E78B807F7CFFCE9C24C82E55AB95FF738DBB94E414C140C2ACC9B",
            "dapr": [],
            "id": "/subscriptions/e968995a-e76b-4fbc-aaab-b176b8a06e0d/resourceGroups/rgp-n8n-poc-eus/providers/Microsoft.App/containerApps/ca-n8n-poc-eus",
            "identity": [
              {
                "identity_ids": [
                  "/subscriptions/e968995a-e76b-4fbc-aaab-b176b8a06e0d/resourceGroups/rgp-n8n-poc-eus/providers/Microsoft.ManagedIdentity/userAssignedIdentities/id-ca-n8n-poc-eus-containerapp"
                ],
                "principal_id": "",
                "tenant_id": "",
                "type": "UserAssigned"
              }
            ],
            "ingress": [
              {
                "allow_insecure_connections": false,
                "custom_domain": [],
                "exposed_port": 0,
                "external_enabled": true,
                "fqdn": "ca-n8n-poc-eus.happyriver-49b5b22c.eastus.azurecontainerapps.io",
                "ip_security_restriction": [],
                "target_port": 5678,
                "traffic_weight": [
                  {
                    "label": "",
                    "latest_revision": true,
                    "percentage": 100,
                    "revision_suffix": ""
                  }
                ],
                "transport": "http"
              }
            ],
            "latest_revision_fqdn": "ca-n8n-poc-eus--0000002.happyriver-49b5b22c.eastus.azurecontainerapps.io",
            "latest_revision_name": "ca-n8n-poc-eus--0000002",
            "location": "eastus",
            "name": "ca-n8n-poc-eus",
            "outbound_ip_addresses": [
              "20.127.248.50",
              "20.241.171.30",
              "20.169.229.88",
              "20.169.229.46",
              "20.169.229.29",
              "20.169.229.38",
              "20.169.229.62",
              "20.169.229.109",
              "20.169.229.92",
              "20.169.229.27",
              "20.169.229.51",
              "20.169.229.42",
              "20.241.172.248",
              "48.216.192.198",
              "40.90.243.232",
              "40.90.242.126",
              "135.237.112.47",
              "51.8.74.190",
              "4.157.197.142",
              "172.210.91.191",
              "172.210.90.42",
              "40.90.243.227",
              "40.90.243.72",
              "20.241.172.250",
              "52.234.235.220",
              "57.152.55.92",
              "172.212.36.156",
              "172.210.121.45",
              "172.214.2.208",
              "51.8.15.68",
              "172.210.90.119",
              "134.33.213.81",
              "128.203.83.220",
              "20.241.192.93",
              "20.246.203.138",
              "172.212.121.150",
              "172.171.186.158",
              "52.249.213.152",
              "74.179.213.114",
              "4.246.239.152",
              "4.156.216.65",
              "4.157.231.174",
              "172.171.168.136",
              "20.185.213.14",
              "20.246.203.140",
              "13.82.216.169",
              "13.82.216.172",
              "13.82.216.149",
              "52.170.33.171",
              "20.231.246.122",
              "20.231.246.54",
              "40.121.19.105",
              "40.121.18.246",
              "40.121.18.166",
              "40.121.18.60",
              "40.121.18.21",
              "40.121.18.44",
              "40.121.18.41",
              "40.121.18.248",
              "40.121.18.82",
              "40.121.19.108",
              "20.231.247.19",
              "40.121.19.125",
              "40.121.18.46",
              "40.117.125.130",
              "40.121.18.52",
              "40.121.18.33",
              "40.121.18.238",
              "40.121.19.2",
              "40.121.19.122",
              "40.121.19.19",
              "40.121.18.114",
              "20.231.246.253",
              "40.121.18.255",
              "40.121.18.164",
              "40.117.121.106",
              "40.121.18.27",
              "40.121.18.156",
              "40.121.18.117",
              "40.121.18.197",
              "40.121.18.133",
              "40.121.18.112",
              "40.121.18.106",
              "20.241.227.6",
              "40.121.19.89",
              "40.121.19.83",
              "40.121.18.131",
              "40.121.18.201",
              "40.121.18.170",
              "40.121.18.242",
              "13.92.130.42",
              "40.121.19.42",
              "40.121.18.73",
              "40.121.18.43",
              "20.241.226.169",
              "51.8.12.17",
              "4.156.180.142",
              "20.242.162.124",
              "40.121.19.74",
              "40.121.19.40",
              "40.121.18.62",
              "40.121.18.244",
              "48.194.66.228"
            ],
            "registry": [
              {
                "identity": "/subscriptions/e968995a-e76b-4fbc-aaab-b176b8a06e0d/resourceGroups/rgp-n8n-poc-eus/providers/Microsoft.ManagedIdentity/userAssignedIdentities/id-ca-n8n-poc-eus-containerapp",
                "password_secret_name": "",
                "server": "cregn8npoceus.azurecr.io",
                "username": ""
              }
            ],
            "resource_group_name": "rgp-n8n-poc-eus",
            "revision_mode": "Single",
            "secret": [
              {
                "identity": "/subscriptions/e968995a-e76b-4fbc-aaab-b176b8a06e0d/resourceGroups/rgp-n8n-poc-eus/providers/Microsoft.ManagedIdentity/userAssignedIdentities/id-ca-n8n-poc-eus-containerapp",
                "key_vault_secret_id": "https://kvl-n8n-poc-eus.vault.azure.net/secrets/n8n-encryption-key",
                "name": "n8n-encryption-key",
                "value": ""
              },
              {
                "identity": "/subscriptions/e968995a-e76b-4fbc-aaab-b176b8a06e0d/resourceGroups/rgp-n8n-poc-eus/providers/Microsoft.ManagedIdentity/userAssignedIdentities/id-ca-n8n-poc-eus-containerapp",
                "key_vault_secret_id": "https://kvl-n8n-poc-eus.vault.azure.net/secrets/postgresql-admin-password",
                "name": "postgres-password",
                "value": ""
              }
            ],
            "tags": {
              "Resource": "Test"
            },
            "template": [
              {
                "azure_queue_scale_rule": [],
                "container": [
                  {
                    "args": [],
                    "command": [],
                    "cpu": 1,
                    "env": [
                      {
                        "name": "DB_TYPE",
                        "secret_name": "",
                        "value": "postgresdb"
                      },
                      {
                        "name": "DB_POSTGRESDB_HOST",
                        "secret_name": "",
                        "value": "db-n8n-poc-eus.postgres.database.azure.com"
                      },
                      {
                        "name": "DB_POSTGRESDB_PORT",
                        "secret_name": "",
                        "value": "5432"
                      },
                      {
                        "name": "DB_POSTGRESDB_DATABASE",
                        "secret_name": "",
                        "value": "n8n"
                      },
                      {
                        "name": "DB_POSTGRESDB_USER",
                        "secret_name": "",
                        "value": "adminuser"
                      },
                      {
                        "name": "DB_POSTGRESDB_PASSWORD",
                        "secret_name": "postgres-password",
                        "value": ""
                      },
                      {
                        "name": "N8N_HOST",
                        "secret_name": "",
                        "value": "ca-n8n-poc-eus.happyriver-49b5b22c.eastus.azurecontainerapps.io"
                      },
                      {
                        "name": "N8N_PORT",
                        "secret_name": "",
                        "value": "5678"
                      },
                      {
                        "name": "N8N_PROTOCOL",
                        "secret_name": "",
                        "value": "https"
                      },
                      {
                        "name": "WEBHOOK_URL",
                        "secret_name": "",
                        "value": "https://ca-n8n-poc-eus.happyriver-49b5b22c.eastus.azurecontainerapps.io"
                      },
                      {
                        "name": "N8N_SECURE_COOKIE",
                        "secret_name": "",
                        "value": "true"
                      },
                      {
                        "name": "N8N_PROXY_HOPS",
                        "secret_name": "",
                        "value": "1"
                      },
                      {
                        "name": "N8N_EDITOR_BASE_URL",
                        "secret_name": "",
                        "value": "https://ca-n8n-poc-eus.happyriver-49b5b22c.eastus.azurecontainerapps.io"
                      },
                      {
                        "name": "N8N_METRICS",
                        "secret_name": "",
                        "value": "true"
                      },
                      {
                        "name": "N8N_BLOCK_ENV_ACCESS_IN_NODE",
                        "secret_name": "",
                        "value": "false"
                      },
                      {
                        "name": "N8N_RUNNERS_ENABLED",
                        "secret_name": "",
                        "value": "true"
                      },
                      {
                        "name": "EXECUTIONS_MODE",
                        "secret_name": "",
                        "value": "regular"
                      },
                      {
                        "name": "N8N_LOG_LEVEL",
                        "secret_name": "",
                        "value": "info"
                      },
                      {
                        "name": "N8N_LOG_OUTPUT",
                        "secret_name": "",
                        "value": "console"
                      },
                      {
                        "name": "N8N_ENCRYPTION_KEY",
                        "secret_name": "n8n-encryption-key",
                        "value": ""
                      },
                      {
                        "name": "DB_POSTGRESDB_CONNECTION_TIMEOUT",
                        "secret_name": "",
                        "value": "600000"
                      },
                      {
                        "name": "DB_POSTGRESDB_SSL",
                        "secret_name": "",
                        "value": "true"
                      },
                      {
                        "name": "DB_POSTGRESDB_SSL_REJECT_UNAUTHORIZED",
                        "secret_name": "",
                        "value": "false"
                      },
                      {
                        "name": "N8N_ENFORCE_SETTINGS_FILE_PERMISSIONS",
                        "secret_name": "",
                        "value": "true"
                      }
                    ],
                    "ephemeral_storage": "4Gi",
                    "image": "cregn8npoceus.azurecr.io/n8n:1.116.1",
                    "liveness_probe": [],
                    "memory": "2Gi",
                    "name": "n8n",
                    "readiness_probe": [],
                    "startup_probe": [],
                    "volume_mounts": []
                  }
                ],
                "custom_scale_rule": [],
                "http_scale_rule": [],
                "init_container": [],
                "max_replicas": 3,
                "min_replicas": 1,
                "revision_suffix": "",
                "tcp_scale_rule": [],
                "volume": []
              }
            ],
            "timeouts": null,
            "workload_profile_name": "Consumption"
          },
          "sensitive_attributes": [
            [
              {
                "type": "get_attr",
                "value": "custom_domain_verification_id"
              }
            ],
            [
              {
                "type": "get_attr",
                "value": "secret"
              }
            ]
          ],
          "identity_schema_version": 0,
          "private": "eyJlMmJmYjczMC1lY2FhLTExZTYtOGY4OC0zNDM2M2JjN2M0YzAiOnsiY3JlYXRlIjoxODAwMDAwMDAwMDAwLCJkZWxldGUiOjE4MDAwMDAwMDAwMDAsInJlYWQiOjMwMDAwMDAwMDAwMCwidXBkYXRlIjoxODAwMDAwMDAwMDAwfX0=",
          "dependencies": [
            "azurerm_container_app_environment.n8n_env",
            "azurerm_container_registry.acr_n8n",
            "azurerm_key_vault.n8n_keyvault",
            "azurerm_key_vault_secret.n8n_encryption_key",
            "azurerm_key_vault_secret.postgresql_admin_password",
            "azurerm_key_vault_secret.tiktok_api_key",
            "azurerm_log_analytics_workspace.container_apps_workspace",
            "azurerm_postgresql_flexible_server.postgresql_server",
            "azurerm_postgresql_flexible_server_database.n8n_database",
            "azurerm_private_dns_zone.keyvault",
            "azurerm_private_endpoint.keyvault_private_endpoint",
            "azurerm_resource_group.rg_n8n",
            "azurerm_subnet.subnet_n8n_app",
            "azurerm_subnet.subnet_n8n_private_endpoints",
            "azurerm_user_assigned_identity.container_app_identity",
            "azurerm_virtual_network.vnet_n8n",
            "data.azurerm_client_config.current",
            "null_resource.build_and_push_trends_mcp_image",
            "null_resource.import_n8n_image",
            "random_password.n8n_encryption_key"
          ]
        }
      ]
    },
    {
      "mode": "managed",
      "type": "azurerm_container_app",
      "name": "trends_mcp_app",
      "provider": "provider[\"registry.terraform.io/hashicorp/azurerm\"]",
      "instances": [
        {
          "schema_version": 0,
          "attributes": {
            "container_app_environment_id": "/subscriptions/e968995a-e76b-4fbc-aaab-b176b8a06e0d/resourceGroups/rgp-n8n-poc-eus/providers/Microsoft.App/managedEnvironments/caenv-n8n-poc-eus",
            "custom_domain_verification_id": "5DB946863B0E78B807F7CFFCE9C24C82E55AB95FF738DBB94E414C140C2ACC9B",
            "dapr": [],
            "id": "/subscriptions/e968995a-e76b-4fbc-aaab-b176b8a06e0d/resourceGroups/rgp-n8n-poc-eus/providers/Microsoft.App/containerApps/ca-trends-mcp-n8n-poc-eus",
            "identity": [
              {
                "identity_ids": [
                  "/subscriptions/e968995a-e76b-4fbc-aaab-b176b8a06e0d/resourceGroups/rgp-n8n-poc-eus/providers/Microsoft.ManagedIdentity/userAssignedIdentities/id-ca-n8n-poc-eus-containerapp"
                ],
                "principal_id": "",
                "tenant_id": "",
                "type": "UserAssigned"
              }
            ],
            "ingress": [
              {
                "allow_insecure_connections": false,
                "custom_domain": [],
                "exposed_port": 0,
                "external_enabled": true,
                "fqdn": "ca-trends-mcp-n8n-poc-eus.happyriver-49b5b22c.eastus.azurecontainerapps.io",
                "ip_security_restriction": [],
                "target_port": 8999,
                "traffic_weight": [
                  {
                    "label": "",
                    "latest_revision": true,
                    "percentage": 100,
                    "revision_suffix": ""
                  }
                ],
                "transport": "http"
              }
            ],
            "latest_revision_fqdn": "ca-trends-mcp-n8n-poc-eus--6b05jax.happyriver-49b5b22c.eastus.azurecontainerapps.io",
            "latest_revision_name": "ca-trends-mcp-n8n-poc-eus--6b05jax",
            "location": "eastus",
            "name": "ca-trends-mcp-n8n-poc-eus",
            "outbound_ip_addresses": [
              "20.127.248.50",
              "20.241.171.30",
              "20.169.229.88",
              "20.169.229.46",
              "20.169.229.29",
              "20.169.229.38",
              "20.169.229.62",
              "20.169.229.109",
              "20.169.229.92",
              "20.169.229.27",
              "20.169.229.51",
              "20.169.229.42",
              "20.241.172.248",
              "48.216.192.198",
              "40.90.243.232",
              "40.90.242.126",
              "135.237.112.47",
              "51.8.74.190",
              "4.157.197.142",
              "172.210.91.191",
              "172.210.90.42",
              "40.90.243.227",
              "40.90.243.72",
              "20.241.172.250",
              "52.234.235.220",
              "57.152.55.92",
              "172.212.36.156",
              "172.210.121.45",
              "172.214.2.208",
              "51.8.15.68",
              "172.210.90.119",
              "134.33.213.81",
              "128.203.83.220",
              "20.241.192.93",
              "20.246.203.138",
              "172.212.121.150",
              "172.171.186.158",
              "52.249.213.152",
              "74.179.213.114",
              "4.246.239.152",
              "4.156.216.65",
              "4.157.231.174",
              "172.171.168.136",
              "20.185.213.14",
              "20.246.203.140",
              "13.82.216.169",
              "13.82.216.172",
              "13.82.216.149",
              "52.170.33.171",
              "20.231.246.122",
              "20.231.246.54",
              "40.121.19.105",
              "40.121.18.246",
              "40.121.18.166",
              "40.121.18.60",
              "40.121.18.21",
              "40.121.18.44",
              "40.121.18.41",
              "40.121.18.248",
              "40.121.18.82",
              "40.121.19.108",
              "20.231.247.19",
              "40.121.19.125",
              "40.121.18.46",
              "40.117.125.130",
              "40.121.18.52",
              "40.121.18.33",
              "40.121.18.238",
              "40.121.19.2",
              "40.121.19.122",
              "40.121.19.19",
              "40.121.18.114",
              "20.231.246.253",
              "40.121.18.255",
              "40.121.18.164",
              "40.117.121.106",
              "40.121.18.27",
              "40.121.18.156",
              "40.121.18.117",
              "40.121.18.197",
              "40.121.18.133",
              "40.121.18.112",
              "40.121.18.106",
              "20.241.227.6",
              "40.121.19.89",
              "40.121.19.83",
              "40.121.18.131",
              "40.121.18.201",
              "40.121.18.170",
              "40.121.18.242",
              "13.92.130.42",
              "40.121.19.42",
              "40.121.18.73",
              "40.121.18.43",
              "20.241.226.169",
              "51.8.12.17",
              "4.156.180.142",
              "20.242.162.124",
              "40.121.19.74",
              "40.121.19.40",
              "40.121.18.62",
              "40.121.18.244",
              "48.194.66.228"
            ],
            "registry": [
              {
                "identity": "/subscriptions/e968995a-e76b-4fbc-aaab-b176b8a06e0d/resourceGroups/rgp-n8n-poc-eus/providers/Microsoft.ManagedIdentity/userAssignedIdentities/id-ca-n8n-poc-eus-containerapp",
                "password_secret_name": "",
                "server": "cregn8npoceus.azurecr.io",
                "username": ""
              }
            ],
            "resource_group_name": "rgp-n8n-poc-eus",
            "revision_mode": "Single",
            "secret": [
              {
                "identity": "/subscriptions/e968995a-e76b-4fbc-aaab-b176b8a06e0d/resourceGroups/rgp-n8n-poc-eus/providers/Microsoft.ManagedIdentity/userAssignedIdentities/id-ca-n8n-poc-eus-containerapp",
                "key_vault_secret_id": "https://kvl-n8n-poc-eus.vault.azure.net/secrets/tiktok-api-key",
                "name": "tiktok-api-key",
                "value": ""
              }
            ],
            "tags": {
              "Resource": "Test"
            },
            "template": [
              {
                "azure_queue_scale_rule": [],
                "container": [
                  {
                    "args": [],
                    "command": [],
                    "cpu": 0.5,
                    "env": [
                      {
                        "name": "tiktok",
                        "secret_name": "tiktok-api-key",
                        "value": ""
                      }
                    ],
                    "ephemeral_storage": "2Gi",
                    "image": "cregn8npoceus.azurecr.io/trends-mcp:latest",
                    "liveness_probe": [],
                    "memory": "1Gi",
                    "name": "trends-mcp",
                    "readiness_probe": [],
                    "startup_probe": [],
                    "volume_mounts": []
                  }
                ],
                "custom_scale_rule": [],
                "http_scale_rule": [],
                "init_container": [],
                "max_replicas": 2,
                "min_replicas": 1,
                "revision_suffix": "",
                "tcp_scale_rule": [],
                "volume": []
              }
            ],
            "timeouts": null,
            "workload_profile_name": "Consumption"
          },
          "sensitive_attributes": [
            [
              {
                "type": "get_attr",
                "value": "custom_domain_verification_id"
              }
            ],
            [
              {
                "type": "get_attr",
                "value": "secret"
              }
            ]
          ],
          "identity_schema_version": 0,
          "private": "eyJlMmJmYjczMC1lY2FhLTExZTYtOGY4OC0zNDM2M2JjN2M0YzAiOnsiY3JlYXRlIjoxODAwMDAwMDAwMDAwLCJkZWxldGUiOjE4MDAwMDAwMDAwMDAsInJlYWQiOjMwMDAwMDAwMDAwMCwidXBkYXRlIjoxODAwMDAwMDAwMDAwfX0=",
          "dependencies": [
            "azurerm_container_app_environment.n8n_env",
            "azurerm_container_registry.acr_n8n",
            "azurerm_key_vault.n8n_keyvault",
            "azurerm_key_vault_secret.tiktok_api_key",
            "azurerm_log_analytics_workspace.container_apps_workspace",
            "azurerm_private_dns_zone.keyvault",
            "azurerm_private_endpoint.keyvault_private_endpoint",
            "azurerm_resource_group.rg_n8n",
            "azurerm_subnet.subnet_n8n_app",
            "azurerm_subnet.subnet_n8n_private_endpoints",
            "azurerm_user_assigned_identity.container_app_identity",
            "azurerm_virtual_network.vnet_n8n",
            "data.azurerm_client_config.current",
            "null_resource.build_and_push_trends_mcp_image"
          ]
        }
      ]
    },
    {
      "mode": "managed",
      "type": "azurerm_container_app_environment",
      "name": "n8n_env",
      "provider": "provider[\"registry.terraform.io/hashicorp/azurerm\"]",
      "instances": [
        {
          "schema_version": 0,
          "attributes": {
            "custom_domain_verification_id": "5DB946863B0E78B807F7CFFCE9C24C82E55AB95FF738DBB94E414C140C2ACC9B",
            "dapr_application_insights_connection_string": "",
            "default_domain": "happyriver-49b5b22c.eastus.azurecontainerapps.io",
            "docker_bridge_cidr": "",
            "id": "/subscriptions/e968995a-e76b-4fbc-aaab-b176b8a06e0d/resourceGroups/rgp-n8n-poc-eus/providers/Microsoft.App/managedEnvironments/caenv-n8n-poc-eus",
            "infrastructure_resource_group_name": "ME_caenv-n8n-poc-eus_rgp-n8n-poc-eus_eastus",
            "infrastructure_subnet_id": "/subscriptions/e968995a-e76b-4fbc-aaab-b176b8a06e0d/resourceGroups/rgp-n8n-poc-eus/providers/Microsoft.Network/virtualNetworks/vnet-n8n-poc-eus/subnets/subnet-n8n-poc-eus-app",
            "internal_load_balancer_enabled": false,
            "location": "eastus",
            "log_analytics_workspace_id": "/subscriptions/e968995a-e76b-4fbc-aaab-b176b8a06e0d/resourceGroups/rgp-n8n-poc-eus/providers/Microsoft.OperationalInsights/workspaces/law-n8n-poc-eus",
            "mutual_tls_enabled": false,
            "name": "caenv-n8n-poc-eus",
            "platform_reserved_cidr": "",
            "platform_reserved_dns_ip_address": "",
            "resource_group_name": "rgp-n8n-poc-eus",
            "static_ip_address": "172.171.90.189",
            "tags": {
              "Resource": "Test"
            },
            "timeouts": null,
            "workload_profile": [
              {
                "maximum_count": 0,
                "minimum_count": 0,
                "name": "Consumption",
                "workload_profile_type": "Consumption"
              }
            ],
            "zone_redundancy_enabled": false
          },
          "sensitive_attributes": [
            [
              {
                "type": "get_attr",
                "value": "dapr_application_insights_connection_string"
              }
            ]
          ],
          "identity_schema_version": 0,
          "private": "eyJlMmJmYjczMC1lY2FhLTExZTYtOGY4OC0zNDM2M2JjN2M0YzAiOnsiY3JlYXRlIjoxODAwMDAwMDAwMDAwLCJkZWxldGUiOjE4MDAwMDAwMDAwMDAsInJlYWQiOjMwMDAwMDAwMDAwMCwidXBkYXRlIjoxODAwMDAwMDAwMDAwfX0=",
          "dependencies": [
            "azurerm_log_analytics_workspace.container_apps_workspace",
            "azurerm_resource_group.rg_n8n",
            "azurerm_subnet.subnet_n8n_app",
            "azurerm_virtual_network.vnet_n8n"
          ]
        }
      ]
    },
    {
      "mode": "managed",
      "type": "azurerm_container_registry",
      "name": "acr_n8n",
      "provider": "provider[\"registry.terraform.io/hashicorp/azurerm\"]",
      "instances": [
        {
          "schema_version": 2,
          "attributes": {
            "admin_enabled": false,
            "admin_password": "",
            "admin_username": "",
            "anonymous_pull_enabled": false,
            "data_endpoint_enabled": false,
            "encryption": [],
            "export_policy_enabled": true,
            "georeplications": [],
            "id": "/subscriptions/e968995a-e76b-4fbc-aaab-b176b8a06e0d/resourceGroups/rgp-n8n-poc-eus/providers/Microsoft.ContainerRegistry/registries/cregn8npoceus",
            "identity": [],
            "location": "eastus",
            "login_server": "cregn8npoceus.azurecr.io",
            "name": "cregn8npoceus",
            "network_rule_bypass_option": "AzureServices",
            "network_rule_set": [],
            "public_network_access_enabled": true,
            "quarantine_policy_enabled": false,
            "resource_group_name": "rgp-n8n-poc-eus",
            "retention_policy_in_days": 0,
            "sku": "Basic",
            "tags": {
              "Resource": "Test"
            },
            "timeouts": null,
            "trust_policy_enabled": false,
            "zone_redundancy_enabled": false
          },
          "sensitive_attributes": [
            [
              {
                "type": "get_attr",
                "value": "admin_password"
              }
            ]
          ],
          "identity_schema_version": 0,
          "private": "eyJlMmJmYjczMC1lY2FhLTExZTYtOGY4OC0zNDM2M2JjN2M0YzAiOnsiY3JlYXRlIjoxODAwMDAwMDAwMDAwLCJkZWxldGUiOjE4MDAwMDAwMDAwMDAsInJlYWQiOjMwMDAwMDAwMDAwMCwidXBkYXRlIjoxODAwMDAwMDAwMDAwfSwic2NoZW1hX3ZlcnNpb24iOiIyIn0=",
          "dependencies": [
            "azurerm_resource_group.rg_n8n"
          ]
        }
      ]
    },
    {
      "mode": "managed",
      "type": "azurerm_key_vault",
      "name": "n8n_keyvault",
      "provider": "provider[\"registry.terraform.io/hashicorp/azurerm\"]",
      "instances": [
        {
          "schema_version": 2,
          "attributes": {
            "access_policy": [
              {
                "application_id": "",
                "certificate_permissions": [],
                "key_permissions": [],
                "object_id": "c720620c-0f31-4b96-9cc9-14fae1a544ea",
                "secret_permissions": [
                  "Get",
                  "List",
                  "Set",
                  "Delete",
                  "Recover",
                  "Backup",
                  "Restore"
                ],
                "storage_permissions": [],
                "tenant_id": "a41367e8-54d3-456e-8732-cd2eeebb2816"
              },
              {
                "application_id": "",
                "certificate_permissions": [],
                "key_permissions": [],
                "object_id": "bfd87636-e1c7-4c16-870c-f067b3f69beb",
                "secret_permissions": [
                  "Get",
                  "List"
                ],
                "storage_permissions": [],
                "tenant_id": "a41367e8-54d3-456e-8732-cd2eeebb2816"
              }
            ],
            "contact": [],
            "enable_rbac_authorization": false,
            "enabled_for_deployment": false,
            "enabled_for_disk_encryption": false,
            "enabled_for_template_deployment": false,
            "id": "/subscriptions/e968995a-e76b-4fbc-aaab-b176b8a06e0d/resourceGroups/rgp-n8n-poc-eus/providers/Microsoft.KeyVault/vaults/kvl-n8n-poc-eus",
            "location": "eastus",
            "name": "kvl-n8n-poc-eus",
            "network_acls": [
              {
                "bypass": "AzureServices",
                "default_action": "Allow",
                "ip_rules": [
                  "49.207.151.113/32"
                ],
                "virtual_network_subnet_ids": []
              }
            ],
            "public_network_access_enabled": true,
            "purge_protection_enabled": false,
            "resource_group_name": "rgp-n8n-poc-eus",
            "sku_name": "standard",
            "soft_delete_retention_days": 7,
            "tags": {
              "Resource": "Test"
            },
            "tenant_id": "a41367e8-54d3-456e-8732-cd2eeebb2816",
            "timeouts": null,
            "vault_uri": "https://kvl-n8n-poc-eus.vault.azure.net/"
          },
          "sensitive_attributes": [],
          "identity_schema_version": 0,
          "private": "eyJlMmJmYjczMC1lY2FhLTExZTYtOGY4OC0zNDM2M2JjN2M0YzAiOnsiY3JlYXRlIjoxODAwMDAwMDAwMDAwLCJkZWxldGUiOjE4MDAwMDAwMDAwMDAsInJlYWQiOjMwMDAwMDAwMDAwMCwidXBkYXRlIjoxODAwMDAwMDAwMDAwfSwic2NoZW1hX3ZlcnNpb24iOiIyIn0=",
          "dependencies": [
            "azurerm_resource_group.rg_n8n",
            "azurerm_user_assigned_identity.container_app_identity",
            "data.azurerm_client_config.current"
          ]
        }
      ]
    },
    {
      "mode": "managed",
      "type": "azurerm_key_vault_secret",
      "name": "n8n_encryption_key",
      "provider": "provider[\"registry.terraform.io/hashicorp/azurerm\"]",
      "instances": [
        {
          "schema_version": 0,
          "attributes": {
            "content_type": "",
            "expiration_date": null,
            "id": "https://kvl-n8n-poc-eus.vault.azure.net/secrets/n8n-encryption-key/dd9ea2594d074f28ae1b6f426ff0d4b9",
            "key_vault_id": "/subscriptions/e968995a-e76b-4fbc-aaab-b176b8a06e0d/resourceGroups/rgp-n8n-poc-eus/providers/Microsoft.KeyVault/vaults/kvl-n8n-poc-eus",
            "name": "n8n-encryption-key",
            "not_before_date": null,
            "resource_id": "/subscriptions/e968995a-e76b-4fbc-aaab-b176b8a06e0d/resourceGroups/rgp-n8n-poc-eus/providers/Microsoft.KeyVault/vaults/kvl-n8n-poc-eus/secrets/n8n-encryption-key/versions/dd9ea2594d074f28ae1b6f426ff0d4b9",
            "resource_versionless_id": "/subscriptions/e968995a-e76b-4fbc-aaab-b176b8a06e0d/resourceGroups/rgp-n8n-poc-eus/providers/Microsoft.KeyVault/vaults/kvl-n8n-poc-eus/secrets/n8n-encryption-key",
            "tags": {},
            "timeouts": null,
            "value": "qUCNgG4rVvWNKKeOyk2It0U53Xhv3wdv",
            "version": "dd9ea2594d074f28ae1b6f426ff0d4b9",
            "versionless_id": "https://kvl-n8n-poc-eus.vault.azure.net/secrets/n8n-encryption-key"
          },
          "sensitive_attributes": [
            [
              {
                "type": "get_attr",
                "value": "value"
              }
            ]
          ],
          "identity_schema_version": 0,
          "private": "eyJlMmJmYjczMC1lY2FhLTExZTYtOGY4OC0zNDM2M2JjN2M0YzAiOnsiY3JlYXRlIjoxODAwMDAwMDAwMDAwLCJkZWxldGUiOjE4MDAwMDAwMDAwMDAsInJlYWQiOjE4MDAwMDAwMDAwMDAsInVwZGF0ZSI6MTgwMDAwMDAwMDAwMH19",
          "dependencies": [
            "azurerm_key_vault.n8n_keyvault",
            "azurerm_resource_group.rg_n8n",
            "azurerm_user_assigned_identity.container_app_identity",
            "data.azurerm_client_config.current",
            "random_password.n8n_encryption_key"
          ]
        }
      ]
    },
    {
      "mode": "managed",
      "type": "azurerm_key_vault_secret",
      "name": "postgresql_admin_password",
      "provider": "provider[\"registry.terraform.io/hashicorp/azurerm\"]",
      "instances": [
        {
          "schema_version": 0,
          "attributes": {
            "content_type": "",
            "expiration_date": null,
            "id": "https://kvl-n8n-poc-eus.vault.azure.net/secrets/postgresql-admin-password/d39fb2f5a8a24f9ab7e920d8f78a3c58",
            "key_vault_id": "/subscriptions/e968995a-e76b-4fbc-aaab-b176b8a06e0d/resourceGroups/rgp-n8n-poc-eus/providers/Microsoft.KeyVault/vaults/kvl-n8n-poc-eus",
            "name": "postgresql-admin-password",
            "not_before_date": null,
            "resource_id": "/subscriptions/e968995a-e76b-4fbc-aaab-b176b8a06e0d/resourceGroups/rgp-n8n-poc-eus/providers/Microsoft.KeyVault/vaults/kvl-n8n-poc-eus/secrets/postgresql-admin-password/versions/d39fb2f5a8a24f9ab7e920d8f78a3c58",
            "resource_versionless_id": "/subscriptions/e968995a-e76b-4fbc-aaab-b176b8a06e0d/resourceGroups/rgp-n8n-poc-eus/providers/Microsoft.KeyVault/vaults/kvl-n8n-poc-eus/secrets/postgresql-admin-password",
            "tags": {},
            "timeouts": null,
            "value": "3edc#EDC",
            "version": "d39fb2f5a8a24f9ab7e920d8f78a3c58",
            "versionless_id": "https://kvl-n8n-poc-eus.vault.azure.net/secrets/postgresql-admin-password"
          },
          "sensitive_attributes": [
            [
              {
                "type": "get_attr",
                "value": "value"
              }
            ]
          ],
          "identity_schema_version": 0,
          "private": "eyJlMmJmYjczMC1lY2FhLTExZTYtOGY4OC0zNDM2M2JjN2M0YzAiOnsiY3JlYXRlIjoxODAwMDAwMDAwMDAwLCJkZWxldGUiOjE4MDAwMDAwMDAwMDAsInJlYWQiOjE4MDAwMDAwMDAwMDAsInVwZGF0ZSI6MTgwMDAwMDAwMDAwMH19",
          "dependencies": [
            "azurerm_key_vault.n8n_keyvault",
            "azurerm_resource_group.rg_n8n",
            "azurerm_user_assigned_identity.container_app_identity",
            "data.azurerm_client_config.current"
          ]
        }
      ]
    },
    {
      "mode": "managed",
      "type": "azurerm_key_vault_secret",
      "name": "tiktok_api_key",
      "provider": "provider[\"registry.terraform.io/hashicorp/azurerm\"]",
      "instances": [
        {
          "schema_version": 0,
          "attributes": {
            "content_type": "",
            "expiration_date": null,
            "id": "https://kvl-n8n-poc-eus.vault.azure.net/secrets/tiktok-api-key/6df184bb840d40749861b3c40bab53b0",
            "key_vault_id": "/subscriptions/e968995a-e76b-4fbc-aaab-b176b8a06e0d/resourceGroups/rgp-n8n-poc-eus/providers/Microsoft.KeyVault/vaults/kvl-n8n-poc-eus",
            "name": "tiktok-api-key",
            "not_before_date": null,
            "resource_id": "/subscriptions/e968995a-e76b-4fbc-aaab-b176b8a06e0d/resourceGroups/rgp-n8n-poc-eus/providers/Microsoft.KeyVault/vaults/kvl-n8n-poc-eus/secrets/tiktok-api-key/versions/6df184bb840d40749861b3c40bab53b0",
            "resource_versionless_id": "/subscriptions/e968995a-e76b-4fbc-aaab-b176b8a06e0d/resourceGroups/rgp-n8n-poc-eus/providers/Microsoft.KeyVault/vaults/kvl-n8n-poc-eus/secrets/tiktok-api-key",
            "tags": {},
            "timeouts": null,
            "value": "235025dacemsh59f57dd3f271750p11f902jsnf8670766eb92",
            "version": "6df184bb840d40749861b3c40bab53b0",
            "versionless_id": "https://kvl-n8n-poc-eus.vault.azure.net/secrets/tiktok-api-key"
          },
          "sensitive_attributes": [
            [
              {
                "type": "get_attr",
                "value": "value"
              }
            ]
          ],
          "identity_schema_version": 0,
          "private": "eyJlMmJmYjczMC1lY2FhLTExZTYtOGY4OC0zNDM2M2JjN2M0YzAiOnsiY3JlYXRlIjoxODAwMDAwMDAwMDAwLCJkZWxldGUiOjE4MDAwMDAwMDAwMDAsInJlYWQiOjE4MDAwMDAwMDAwMDAsInVwZGF0ZSI6MTgwMDAwMDAwMDAwMH19",
          "dependencies": [
            "azurerm_key_vault.n8n_keyvault",
            "azurerm_resource_group.rg_n8n",
            "azurerm_user_assigned_identity.container_app_identity",
            "data.azurerm_client_config.current"
          ]
        }
      ]
    },
    {
      "mode": "managed",
      "type": "azurerm_log_analytics_workspace",
      "name": "container_apps_workspace",
      "provider": "provider[\"registry.terraform.io/hashicorp/azurerm\"]",
      "instances": [
        {
          "schema_version": 3,
          "attributes": {
            "allow_resource_only_permissions": true,
            "cmk_for_query_forced": false,
            "daily_quota_gb": -1,
            "data_collection_rule_id": "",
            "id": "/subscriptions/e968995a-e76b-4fbc-aaab-b176b8a06e0d/resourceGroups/rgp-n8n-poc-eus/providers/Microsoft.OperationalInsights/workspaces/law-n8n-poc-eus",
            "identity": [],
            "immediate_data_purge_on_30_days_enabled": false,
            "internet_ingestion_enabled": true,
            "internet_query_enabled": true,
            "local_authentication_disabled": false,
            "location": "eastus",
            "name": "law-n8n-poc-eus",
            "primary_shared_key": "eHY2iQuc9guVVOvMBe5Qb6yIJcZv04EE0jZreTJiMv4WFRUfASmAoUN3cZERhQuRys/30D+GQp/UG+NyMUAb4w==",
            "reservation_capacity_in_gb_per_day": null,
            "resource_group_name": "rgp-n8n-poc-eus",
            "retention_in_days": 30,
            "secondary_shared_key": "jW/MLgqWkJ2szcIFdUw+tvK4YtKiRUOGxlOCP6YxRwSUspB8IdD4LmSrDX/DoQFVuj2Gpww5UBwNXoSdsFlExA==",
            "sku": "PerGB2018",
            "tags": {
              "Resource": "Test"
            },
            "timeouts": null,
            "workspace_id": "49b3a926-5da1-44da-9b57-0fd66a018233"
          },
          "sensitive_attributes": [
            [
              {
                "type": "get_attr",
                "value": "primary_shared_key"
              }
            ],
            [
              {
                "type": "get_attr",
                "value": "secondary_shared_key"
              }
            ]
          ],
          "identity_schema_version": 0,
          "private": "eyJlMmJmYjczMC1lY2FhLTExZTYtOGY4OC0zNDM2M2JjN2M0YzAiOnsiY3JlYXRlIjoxODAwMDAwMDAwMDAwLCJkZWxldGUiOjE4MDAwMDAwMDAwMDAsInJlYWQiOjMwMDAwMDAwMDAwMCwidXBkYXRlIjoxODAwMDAwMDAwMDAwfSwic2NoZW1hX3ZlcnNpb24iOiIzIn0=",
          "dependencies": [
            "azurerm_resource_group.rg_n8n"
          ]
        }
      ]
    },
    {
      "mode": "managed",
      "type": "azurerm_network_security_group",
      "name": "nsg_n8n_app",
      "provider": "provider[\"registry.terraform.io/hashicorp/azurerm\"]",
      "instances": [
        {
          "schema_version": 0,
          "attributes": {
            "id": "/subscriptions/e968995a-e76b-4fbc-aaab-b176b8a06e0d/resourceGroups/rgp-n8n-poc-eus/providers/Microsoft.Network/networkSecurityGroups/nsg-n8n-poc-eus-app",
            "location": "eastus",
            "name": "nsg-n8n-poc-eus-app",
            "resource_group_name": "rgp-n8n-poc-eus",
            "security_rule": [
              {
                "access": "Allow",
                "description": "",
                "destination_address_prefix": "*",
                "destination_address_prefixes": [],
                "destination_application_security_group_ids": [],
                "destination_port_range": "443",
                "destination_port_ranges": [],
                "direction": "Inbound",
                "name": "AllowHTTPS",
                "priority": 1001,
                "protocol": "Tcp",
                "source_address_prefix": "*",
                "source_address_prefixes": [],
                "source_application_security_group_ids": [],
                "source_port_range": "*",
                "source_port_ranges": []
              }
            ],
            "tags": {
              "Resource": "Test"
            },
            "timeouts": null
          },
          "sensitive_attributes": [],
          "identity_schema_version": 0,
          "private": "eyJlMmJmYjczMC1lY2FhLTExZTYtOGY4OC0zNDM2M2JjN2M0YzAiOnsiY3JlYXRlIjoxODAwMDAwMDAwMDAwLCJkZWxldGUiOjE4MDAwMDAwMDAwMDAsInJlYWQiOjMwMDAwMDAwMDAwMCwidXBkYXRlIjoxODAwMDAwMDAwMDAwfX0=",
          "dependencies": [
            "azurerm_resource_group.rg_n8n"
          ]
        }
      ]
    },
    {
      "mode": "managed",
      "type": "azurerm_network_security_group",
      "name": "nsg_n8n_private_endpoints",
      "provider": "provider[\"registry.terraform.io/hashicorp/azurerm\"]",
      "instances": [
        {
          "schema_version": 0,
          "attributes": {
            "id": "/subscriptions/e968995a-e76b-4fbc-aaab-b176b8a06e0d/resourceGroups/rgp-n8n-poc-eus/providers/Microsoft.Network/networkSecurityGroups/nsg-n8n-poc-eus-pe",
            "location": "eastus",
            "name": "nsg-n8n-poc-eus-pe",
            "resource_group_name": "rgp-n8n-poc-eus",
            "security_rule": [
              {
                "access": "Allow",
                "description": "",
                "destination_address_prefix": "*",
                "destination_address_prefixes": [],
                "destination_application_security_group_ids": [],
                "destination_port_range": "*",
                "destination_port_ranges": [],
                "direction": "Inbound",
                "name": "AllowAppSubnetInbound",
                "priority": 1001,
                "protocol": "Tcp",
                "source_address_prefix": "10.0.0.0/22",
                "source_address_prefixes": [],
                "source_application_security_group_ids": [],
                "source_port_range": "*",
                "source_port_ranges": []
              }
            ],
            "tags": {
              "Resource": "Test"
            },
            "timeouts": null
          },
          "sensitive_attributes": [],
          "identity_schema_version": 0,
          "private": "eyJlMmJmYjczMC1lY2FhLTExZTYtOGY4OC0zNDM2M2JjN2M0YzAiOnsiY3JlYXRlIjoxODAwMDAwMDAwMDAwLCJkZWxldGUiOjE4MDAwMDAwMDAwMDAsInJlYWQiOjMwMDAwMDAwMDAwMCwidXBkYXRlIjoxODAwMDAwMDAwMDAwfX0=",
          "dependencies": [
            "azurerm_resource_group.rg_n8n"
          ]
        }
      ]
    },
    {
      "mode": "managed",
      "type": "azurerm_postgresql_flexible_server",
      "name": "postgresql_server",
      "provider": "provider[\"registry.terraform.io/hashicorp/azurerm\"]",
      "instances": [
        {
          "schema_version": 0,
          "attributes": {
            "administrator_login": "adminuser",
            "administrator_password": "3edc#EDC",
            "authentication": [
              {
                "active_directory_auth_enabled": true,
                "password_auth_enabled": true,
                "tenant_id": "a41367e8-54d3-456e-8732-cd2eeebb2816"
              }
            ],
            "auto_grow_enabled": false,
            "backup_retention_days": 7,
            "create_mode": null,
            "customer_managed_key": [],
            "delegated_subnet_id": "",
            "fqdn": "db-n8n-poc-eus.postgres.database.azure.com",
            "geo_redundant_backup_enabled": false,
            "high_availability": [],
            "id": "/subscriptions/e968995a-e76b-4fbc-aaab-b176b8a06e0d/resourceGroups/rgp-n8n-poc-eus/providers/Microsoft.DBforPostgreSQL/flexibleServers/db-n8n-poc-eus",
            "identity": [],
            "location": "eastus2",
            "maintenance_window": [],
            "name": "db-n8n-poc-eus",
            "point_in_time_restore_time_in_utc": null,
            "private_dns_zone_id": "",
            "public_network_access_enabled": false,
            "replication_role": "",
            "resource_group_name": "rgp-n8n-poc-eus",
            "sku_name": "B_Standard_B1ms",
            "source_server_id": null,
            "storage_mb": 131072,
            "storage_tier": "P10",
            "tags": {
              "Resource": "Test"
            },
            "timeouts": null,
            "version": "16",
            "zone": "3"
          },
          "sensitive_attributes": [
            [
              {
                "type": "get_attr",
                "value": "administrator_password"
              }
            ]
          ],
          "identity_schema_version": 0,
          "private": "eyJlMmJmYjczMC1lY2FhLTExZTYtOGY4OC0zNDM2M2JjN2M0YzAiOnsiY3JlYXRlIjozNjAwMDAwMDAwMDAwLCJkZWxldGUiOjM2MDAwMDAwMDAwMDAsInJlYWQiOjMwMDAwMDAwMDAwMCwidXBkYXRlIjozNjAwMDAwMDAwMDAwfX0=",
          "dependencies": [
            "azurerm_resource_group.rg_n8n"
          ]
        }
      ]
    },
    {
      "mode": "managed",
      "type": "azurerm_postgresql_flexible_server_active_directory_administrator",
      "name": "postgresql_admin",
      "provider": "provider[\"registry.terraform.io/hashicorp/azurerm\"]",
      "instances": [
        {
          "schema_version": 0,
          "attributes": {
            "id": "/subscriptions/e968995a-e76b-4fbc-aaab-b176b8a06e0d/resourceGroups/rgp-n8n-poc-eus/providers/Microsoft.DBforPostgreSQL/flexibleServers/db-n8n-poc-eus/administrators/c720620c-0f31-4b96-9cc9-14fae1a544ea",
            "object_id": "c720620c-0f31-4b96-9cc9-14fae1a544ea",
            "principal_name": "chitrarthsahai_gmail.com#EXT#@chitrarthsahaigmail.onmicrosoft.c",
            "principal_type": "User",
            "resource_group_name": "rgp-n8n-poc-eus",
            "server_name": "db-n8n-poc-eus",
            "tenant_id": "a41367e8-54d3-456e-8732-cd2eeebb2816",
            "timeouts": null
          },
          "sensitive_attributes": [],
          "identity_schema_version": 0,
          "private": "eyJlMmJmYjczMC1lY2FhLTExZTYtOGY4OC0zNDM2M2JjN2M0YzAiOnsiY3JlYXRlIjoxODAwMDAwMDAwMDAwLCJkZWxldGUiOjE4MDAwMDAwMDAwMDAsInJlYWQiOjMwMDAwMDAwMDAwMH19",
          "dependencies": [
            "azurerm_postgresql_flexible_server.postgresql_server",
            "azurerm_resource_group.rg_n8n"
          ]
        }
      ]
    },
    {
      "mode": "managed",
      "type": "azurerm_postgresql_flexible_server_database",
      "name": "n8n_database",
      "provider": "provider[\"registry.terraform.io/hashicorp/azurerm\"]",
      "instances": [
        {
          "schema_version": 0,
          "attributes": {
            "charset": "UTF8",
            "collation": "en_US.utf8",
            "id": "/subscriptions/e968995a-e76b-4fbc-aaab-b176b8a06e0d/resourceGroups/rgp-n8n-poc-eus/providers/Microsoft.DBforPostgreSQL/flexibleServers/db-n8n-poc-eus/databases/n8n",
            "name": "n8n",
            "server_id": "/subscriptions/e968995a-e76b-4fbc-aaab-b176b8a06e0d/resourceGroups/rgp-n8n-poc-eus/providers/Microsoft.DBforPostgreSQL/flexibleServers/db-n8n-poc-eus",
            "timeouts": null
          },
          "sensitive_attributes": [],
          "identity_schema_version": 0,
          "private": "eyJlMmJmYjczMC1lY2FhLTExZTYtOGY4OC0zNDM2M2JjN2M0YzAiOnsiY3JlYXRlIjoxODAwMDAwMDAwMDAwLCJkZWxldGUiOjE4MDAwMDAwMDAwMDAsInJlYWQiOjMwMDAwMDAwMDAwMH19",
          "dependencies": [
            "azurerm_postgresql_flexible_server.postgresql_server",
            "azurerm_resource_group.rg_n8n"
          ]
        }
      ]
    },
    {
      "mode": "managed",
      "type": "azurerm_postgresql_flexible_server_firewall_rule",
      "name": "allow_azure_services",
      "provider": "provider[\"registry.terraform.io/hashicorp/azurerm\"]",
      "instances": [
        {
          "schema_version": 0,
          "attributes": {
            "end_ip_address": "0.0.0.0",
            "id": "/subscriptions/e968995a-e76b-4fbc-aaab-b176b8a06e0d/resourceGroups/rgp-n8n-poc-eus/providers/Microsoft.DBforPostgreSQL/flexibleServers/db-n8n-poc-eus/firewallRules/AllowAllAzureServicesAndResourcesWithinAzureIps",
            "name": "AllowAllAzureServicesAndResourcesWithinAzureIps",
            "server_id": "/subscriptions/e968995a-e76b-4fbc-aaab-b176b8a06e0d/resourceGroups/rgp-n8n-poc-eus/providers/Microsoft.DBforPostgreSQL/flexibleServers/db-n8n-poc-eus",
            "start_ip_address": "0.0.0.0",
            "timeouts": null
          },
          "sensitive_attributes": [],
          "identity_schema_version": 0,
          "private": "eyJlMmJmYjczMC1lY2FhLTExZTYtOGY4OC0zNDM2M2JjN2M0YzAiOnsiY3JlYXRlIjoxODAwMDAwMDAwMDAwLCJkZWxldGUiOjE4MDAwMDAwMDAwMDAsInJlYWQiOjMwMDAwMDAwMDAwMCwidXBkYXRlIjoxODAwMDAwMDAwMDAwfX0=",
          "dependencies": [
            "azurerm_postgresql_flexible_server.postgresql_server",
            "azurerm_resource_group.rg_n8n"
          ]
        }
      ]
    },
    {
      "mode": "managed",
      "type": "azurerm_private_dns_zone",
      "name": "container_app_env",
      "provider": "provider[\"registry.terraform.io/hashicorp/azurerm\"]",
      "instances": [
        {
          "schema_version": 0,
          "attributes": {
            "id": "/subscriptions/e968995a-e76b-4fbc-aaab-b176b8a06e0d/resourceGroups/rgp-n8n-poc-eus/providers/Microsoft.Network/privateDnsZones/privatelink.azurecontainerapps.io",
            "max_number_of_record_sets": 25000,
            "max_number_of_virtual_network_links": 1000,
            "max_number_of_virtual_network_links_with_registration": 100,
            "name": "privatelink.azurecontainerapps.io",
            "number_of_record_sets": 1,
            "resource_group_name": "rgp-n8n-poc-eus",
            "soa_record": [
              {
                "email": "azureprivatedns-host.microsoft.com",
                "expire_time": 2419200,
                "fqdn": "privatelink.azurecontainerapps.io.",
                "host_name": "azureprivatedns.net",
                "minimum_ttl": 10,
                "refresh_time": 3600,
                "retry_time": 300,
                "serial_number": 1,
                "tags": {},
                "ttl": 3600
              }
            ],
            "tags": {
              "Resource": "Test"
            },
            "timeouts": null
          },
          "sensitive_attributes": [],
          "identity_schema_version": 0,
          "private": "eyJlMmJmYjczMC1lY2FhLTExZTYtOGY4OC0zNDM2M2JjN2M0YzAiOnsiY3JlYXRlIjoxODAwMDAwMDAwMDAwLCJkZWxldGUiOjE4MDAwMDAwMDAwMDAsInJlYWQiOjMwMDAwMDAwMDAwMCwidXBkYXRlIjoxODAwMDAwMDAwMDAwfX0=",
          "dependencies": [
            "azurerm_resource_group.rg_n8n"
          ]
        }
      ]
    },
    {
      "mode": "managed",
      "type": "azurerm_private_dns_zone",
      "name": "keyvault",
      "provider": "provider[\"registry.terraform.io/hashicorp/azurerm\"]",
      "instances": [
        {
          "schema_version": 0,
          "attributes": {
            "id": "/subscriptions/e968995a-e76b-4fbc-aaab-b176b8a06e0d/resourceGroups/rgp-n8n-poc-eus/providers/Microsoft.Network/privateDnsZones/privatelink.vaultcore.azure.net",
            "max_number_of_record_sets": 25000,
            "max_number_of_virtual_network_links": 1000,
            "max_number_of_virtual_network_links_with_registration": 100,
            "name": "privatelink.vaultcore.azure.net",
            "number_of_record_sets": 2,
            "resource_group_name": "rgp-n8n-poc-eus",
            "soa_record": [
              {
                "email": "azureprivatedns-host.microsoft.com",
                "expire_time": 2419200,
                "fqdn": "privatelink.vaultcore.azure.net.",
                "host_name": "azureprivatedns.net",
                "minimum_ttl": 10,
                "refresh_time": 3600,
                "retry_time": 300,
                "serial_number": 1,
                "tags": {},
                "ttl": 3600
              }
            ],
            "tags": {
              "Resource": "Test"
            },
            "timeouts": null
          },
          "sensitive_attributes": [],
          "identity_schema_version": 0,
          "private": "eyJlMmJmYjczMC1lY2FhLTExZTYtOGY4OC0zNDM2M2JjN2M0YzAiOnsiY3JlYXRlIjoxODAwMDAwMDAwMDAwLCJkZWxldGUiOjE4MDAwMDAwMDAwMDAsInJlYWQiOjMwMDAwMDAwMDAwMCwidXBkYXRlIjoxODAwMDAwMDAwMDAwfX0=",
          "dependencies": [
            "azurerm_resource_group.rg_n8n"
          ]
        }
      ]
    },
    {
      "mode": "managed",
      "type": "azurerm_private_dns_zone",
      "name": "postgresql",
      "provider": "provider[\"registry.terraform.io/hashicorp/azurerm\"]",
      "instances": [
        {
          "schema_version": 0,
          "attributes": {
            "id": "/subscriptions/e968995a-e76b-4fbc-aaab-b176b8a06e0d/resourceGroups/rgp-n8n-poc-eus/providers/Microsoft.Network/privateDnsZones/privatelink.postgres.database.azure.com",
            "max_number_of_record_sets": 25000,
            "max_number_of_virtual_network_links": 1000,
            "max_number_of_virtual_network_links_with_registration": 100,
            "name": "privatelink.postgres.database.azure.com",
            "number_of_record_sets": 2,
            "resource_group_name": "rgp-n8n-poc-eus",
            "soa_record": [
              {
                "email": "azureprivatedns-host.microsoft.com",
                "expire_time": 2419200,
                "fqdn": "privatelink.postgres.database.azure.com.",
                "host_name": "azureprivatedns.net",
                "minimum_ttl": 10,
                "refresh_time": 3600,
                "retry_time": 300,
                "serial_number": 1,
                "tags": {},
                "ttl": 3600
              }
            ],
            "tags": {
              "Resource": "Test"
            },
            "timeouts": null
          },
          "sensitive_attributes": [],
          "identity_schema_version": 0,
          "private": "eyJlMmJmYjczMC1lY2FhLTExZTYtOGY4OC0zNDM2M2JjN2M0YzAiOnsiY3JlYXRlIjoxODAwMDAwMDAwMDAwLCJkZWxldGUiOjE4MDAwMDAwMDAwMDAsInJlYWQiOjMwMDAwMDAwMDAwMCwidXBkYXRlIjoxODAwMDAwMDAwMDAwfX0=",
          "dependencies": [
            "azurerm_resource_group.rg_n8n"
          ]
        }
      ]
    },
    {
      "mode": "managed",
      "type": "azurerm_private_dns_zone_virtual_network_link",
      "name": "container_app_env_link",
      "provider": "provider[\"registry.terraform.io/hashicorp/azurerm\"]",
      "instances": [
        {
          "schema_version": 0,
          "attributes": {
            "id": "/subscriptions/e968995a-e76b-4fbc-aaab-b176b8a06e0d/resourceGroups/rgp-n8n-poc-eus/providers/Microsoft.Network/privateDnsZones/privatelink.azurecontainerapps.io/virtualNetworkLinks/container-app-env-dns-link",
            "name": "container-app-env-dns-link",
            "private_dns_zone_name": "privatelink.azurecontainerapps.io",
            "registration_enabled": false,
            "resource_group_name": "rgp-n8n-poc-eus",
            "tags": {
              "Resource": "Test"
            },
            "timeouts": null,
            "virtual_network_id": "/subscriptions/e968995a-e76b-4fbc-aaab-b176b8a06e0d/resourceGroups/rgp-n8n-poc-eus/providers/Microsoft.Network/virtualNetworks/vnet-n8n-poc-eus"
          },
          "sensitive_attributes": [],
          "identity_schema_version": 0,
          "private": "eyJlMmJmYjczMC1lY2FhLTExZTYtOGY4OC0zNDM2M2JjN2M0YzAiOnsiY3JlYXRlIjoxODAwMDAwMDAwMDAwLCJkZWxldGUiOjE4MDAwMDAwMDAwMDAsInJlYWQiOjMwMDAwMDAwMDAwMCwidXBkYXRlIjoxODAwMDAwMDAwMDAwfX0=",
          "dependencies": [
            "azurerm_private_dns_zone.container_app_env",
            "azurerm_resource_group.rg_n8n",
            "azurerm_virtual_network.vnet_n8n"
          ]
        }
      ]
    },
    {
      "mode": "managed",
      "type": "azurerm_private_dns_zone_virtual_network_link",
      "name": "keyvault_link",
      "provider": "provider[\"registry.terraform.io/hashicorp/azurerm\"]",
      "instances": [
        {
          "schema_version": 0,
          "attributes": {
            "id": "/subscriptions/e968995a-e76b-4fbc-aaab-b176b8a06e0d/resourceGroups/rgp-n8n-poc-eus/providers/Microsoft.Network/privateDnsZones/privatelink.vaultcore.azure.net/virtualNetworkLinks/keyvault-dns-link",
            "name": "keyvault-dns-link",
            "private_dns_zone_name": "privatelink.vaultcore.azure.net",
            "registration_enabled": false,
            "resource_group_name": "rgp-n8n-poc-eus",
            "tags": {
              "Resource": "Test"
            },
            "timeouts": null,
            "virtual_network_id": "/subscriptions/e968995a-e76b-4fbc-aaab-b176b8a06e0d/resourceGroups/rgp-n8n-poc-eus/providers/Microsoft.Network/virtualNetworks/vnet-n8n-poc-eus"
          },
          "sensitive_attributes": [],
          "identity_schema_version": 0,
          "private": "eyJlMmJmYjczMC1lY2FhLTExZTYtOGY4OC0zNDM2M2JjN2M0YzAiOnsiY3JlYXRlIjoxODAwMDAwMDAwMDAwLCJkZWxldGUiOjE4MDAwMDAwMDAwMDAsInJlYWQiOjMwMDAwMDAwMDAwMCwidXBkYXRlIjoxODAwMDAwMDAwMDAwfX0=",
          "dependencies": [
            "azurerm_private_dns_zone.keyvault",
            "azurerm_resource_group.rg_n8n",
            "azurerm_virtual_network.vnet_n8n"
          ]
        }
      ]
    },
    {
      "mode": "managed",
      "type": "azurerm_private_dns_zone_virtual_network_link",
      "name": "postgresql_link",
      "provider": "provider[\"registry.terraform.io/hashicorp/azurerm\"]",
      "instances": [
        {
          "schema_version": 0,
          "attributes": {
            "id": "/subscriptions/e968995a-e76b-4fbc-aaab-b176b8a06e0d/resourceGroups/rgp-n8n-poc-eus/providers/Microsoft.Network/privateDnsZones/privatelink.postgres.database.azure.com/virtualNetworkLinks/postgresql-dns-link",
            "name": "postgresql-dns-link",
            "private_dns_zone_name": "privatelink.postgres.database.azure.com",
            "registration_enabled": false,
            "resource_group_name": "rgp-n8n-poc-eus",
            "tags": {
              "Resource": "Test"
            },
            "timeouts": null,
            "virtual_network_id": "/subscriptions/e968995a-e76b-4fbc-aaab-b176b8a06e0d/resourceGroups/rgp-n8n-poc-eus/providers/Microsoft.Network/virtualNetworks/vnet-n8n-poc-eus"
          },
          "sensitive_attributes": [],
          "identity_schema_version": 0,
          "private": "eyJlMmJmYjczMC1lY2FhLTExZTYtOGY4OC0zNDM2M2JjN2M0YzAiOnsiY3JlYXRlIjoxODAwMDAwMDAwMDAwLCJkZWxldGUiOjE4MDAwMDAwMDAwMDAsInJlYWQiOjMwMDAwMDAwMDAwMCwidXBkYXRlIjoxODAwMDAwMDAwMDAwfX0=",
          "dependencies": [
            "azurerm_private_dns_zone.postgresql",
            "azurerm_resource_group.rg_n8n",
            "azurerm_virtual_network.vnet_n8n"
          ]
        }
      ]
    },
    {
      "mode": "managed",
      "type": "azurerm_private_endpoint",
      "name": "keyvault_private_endpoint",
      "provider": "provider[\"registry.terraform.io/hashicorp/azurerm\"]",
      "instances": [
        {
          "schema_version": 0,
          "attributes": {
            "custom_dns_configs": [],
            "custom_network_interface_name": "",
            "id": "/subscriptions/e968995a-e76b-4fbc-aaab-b176b8a06e0d/resourceGroups/rgp-n8n-poc-eus/providers/Microsoft.Network/privateEndpoints/pe-kvl-n8n-poc-eus",
            "ip_configuration": [],
            "location": "eastus",
            "name": "pe-kvl-n8n-poc-eus",
            "network_interface": [
              {
                "id": "/subscriptions/e968995a-e76b-4fbc-aaab-b176b8a06e0d/resourceGroups/rgp-n8n-poc-eus/providers/Microsoft.Network/networkInterfaces/pe-kvl-n8n-poc-eus.nic.ba75c92f-2320-4bf2-8a53-5a6a87f14957",
                "name": "pe-kvl-n8n-poc-eus.nic.ba75c92f-2320-4bf2-8a53-5a6a87f14957"
              }
            ],
            "private_dns_zone_configs": [
              {
                "id": "/subscriptions/e968995a-e76b-4fbc-aaab-b176b8a06e0d/resourceGroups/rgp-n8n-poc-eus/providers/Microsoft.Network/privateEndpoints/pe-kvl-n8n-poc-eus/privateDnsZoneGroups/pdz-group-kvl-n8n-poc-eus/privateDnsZoneConfigs/privatelink.vaultcore.azure.net",
                "name": "privatelink.vaultcore.azure.net",
                "private_dns_zone_id": "/subscriptions/e968995a-e76b-4fbc-aaab-b176b8a06e0d/resourceGroups/rgp-n8n-poc-eus/providers/Microsoft.Network/privateDnsZones/privatelink.vaultcore.azure.net",
                "record_sets": [
                  {
                    "fqdn": "kvl-n8n-poc-eus.privatelink.vaultcore.azure.net",
                    "ip_addresses": [
                      "10.0.4.6"
                    ],
                    "name": "kvl-n8n-poc-eus",
                    "ttl": 10,
                    "type": "A"
                  }
                ]
              }
            ],
            "private_dns_zone_group": [
              {
                "id": "/subscriptions/e968995a-e76b-4fbc-aaab-b176b8a06e0d/resourceGroups/rgp-n8n-poc-eus/providers/Microsoft.Network/privateEndpoints/pe-kvl-n8n-poc-eus/privateDnsZoneGroups/pdz-group-kvl-n8n-poc-eus",
                "name": "pdz-group-kvl-n8n-poc-eus",
                "private_dns_zone_ids": [
                  "/subscriptions/e968995a-e76b-4fbc-aaab-b176b8a06e0d/resourceGroups/rgp-n8n-poc-eus/providers/Microsoft.Network/privateDnsZones/privatelink.vaultcore.azure.net"
                ]
              }
            ],
            "private_service_connection": [
              {
                "is_manual_connection": false,
                "name": "psc-kvl-n8n-poc-eus",
                "private_connection_resource_alias": "",
                "private_connection_resource_id": "/subscriptions/e968995a-e76b-4fbc-aaab-b176b8a06e0d/resourceGroups/rgp-n8n-poc-eus/providers/Microsoft.KeyVault/vaults/kvl-n8n-poc-eus",
                "private_ip_address": "10.0.4.6",
                "request_message": "",
                "subresource_names": [
                  "vault"
                ]
              }
            ],
            "resource_group_name": "rgp-n8n-poc-eus",
            "subnet_id": "/subscriptions/e968995a-e76b-4fbc-aaab-b176b8a06e0d/resourceGroups/rgp-n8n-poc-eus/providers/Microsoft.Network/virtualNetworks/vnet-n8n-poc-eus/subnets/subnet-n8n-poc-eus-pe",
            "tags": {
              "Resource": "Test"
            },
            "timeouts": null
          },
          "sensitive_attributes": [],
          "identity_schema_version": 0,
          "private": "eyJlMmJmYjczMC1lY2FhLTExZTYtOGY4OC0zNDM2M2JjN2M0YzAiOnsiY3JlYXRlIjozNjAwMDAwMDAwMDAwLCJkZWxldGUiOjM2MDAwMDAwMDAwMDAsInJlYWQiOjMwMDAwMDAwMDAwMCwidXBkYXRlIjozNjAwMDAwMDAwMDAwfX0=",
          "dependencies": [
            "azurerm_key_vault.n8n_keyvault",
            "azurerm_private_dns_zone.keyvault",
            "azurerm_resource_group.rg_n8n",
            "azurerm_subnet.subnet_n8n_private_endpoints",
            "azurerm_user_assigned_identity.container_app_identity",
            "azurerm_virtual_network.vnet_n8n",
            "data.azurerm_client_config.current"
          ]
        }
      ]
    },
    {
      "mode": "managed",
      "type": "azurerm_private_endpoint",
      "name": "postgresql_private_endpoint",
      "provider": "provider[\"registry.terraform.io/hashicorp/azurerm\"]",
      "instances": [
        {
          "schema_version": 0,
          "attributes": {
            "custom_dns_configs": [],
            "custom_network_interface_name": "",
            "id": "/subscriptions/e968995a-e76b-4fbc-aaab-b176b8a06e0d/resourceGroups/rgp-n8n-poc-eus/providers/Microsoft.Network/privateEndpoints/pe-pgsql",
            "ip_configuration": [],
            "location": "eastus",
            "name": "pe-pgsql",
            "network_interface": [
              {
                "id": "/subscriptions/e968995a-e76b-4fbc-aaab-b176b8a06e0d/resourceGroups/rgp-n8n-poc-eus/providers/Microsoft.Network/networkInterfaces/pe-pgsql.nic.e5f6b057-2df2-4030-8fa4-b1ad0a7d5b5f",
                "name": "pe-pgsql.nic.e5f6b057-2df2-4030-8fa4-b1ad0a7d5b5f"
              }
            ],
            "private_dns_zone_configs": [
              {
                "id": "/subscriptions/e968995a-e76b-4fbc-aaab-b176b8a06e0d/resourceGroups/rgp-n8n-poc-eus/providers/Microsoft.Network/privateEndpoints/pe-pgsql/privateDnsZoneGroups/pdz-group-pgsql/privateDnsZoneConfigs/privatelink.postgres.database.azure.com",
                "name": "privatelink.postgres.database.azure.com",
                "private_dns_zone_id": "/subscriptions/e968995a-e76b-4fbc-aaab-b176b8a06e0d/resourceGroups/rgp-n8n-poc-eus/providers/Microsoft.Network/privateDnsZones/privatelink.postgres.database.azure.com",
                "record_sets": [
                  {
                    "fqdn": "db-n8n-poc-eus.privatelink.postgres.database.azure.com",
                    "ip_addresses": [
                      "10.0.4.7"
                    ],
                    "name": "db-n8n-poc-eus",
                    "ttl": 10,
                    "type": "A"
                  }
                ]
              }
            ],
            "private_dns_zone_group": [
              {
                "id": "/subscriptions/e968995a-e76b-4fbc-aaab-b176b8a06e0d/resourceGroups/rgp-n8n-poc-eus/providers/Microsoft.Network/privateEndpoints/pe-pgsql/privateDnsZoneGroups/pdz-group-pgsql",
                "name": "pdz-group-pgsql",
                "private_dns_zone_ids": [
                  "/subscriptions/e968995a-e76b-4fbc-aaab-b176b8a06e0d/resourceGroups/rgp-n8n-poc-eus/providers/Microsoft.Network/privateDnsZones/privatelink.postgres.database.azure.com"
                ]
              }
            ],
            "private_service_connection": [
              {
                "is_manual_connection": false,
                "name": "psc-pgsql",
                "private_connection_resource_alias": "",
                "private_connection_resource_id": "/subscriptions/e968995a-e76b-4fbc-aaab-b176b8a06e0d/resourceGroups/rgp-n8n-poc-eus/providers/Microsoft.DBforPostgreSQL/flexibleServers/db-n8n-poc-eus",
                "private_ip_address": "10.0.4.7",
                "request_message": "",
                "subresource_names": [
                  "postgresqlServer"
                ]
              }
            ],
            "resource_group_name": "rgp-n8n-poc-eus",
            "subnet_id": "/subscriptions/e968995a-e76b-4fbc-aaab-b176b8a06e0d/resourceGroups/rgp-n8n-poc-eus/providers/Microsoft.Network/virtualNetworks/vnet-n8n-poc-eus/subnets/subnet-n8n-poc-eus-pe",
            "tags": {
              "Resource": "Test"
            },
            "timeouts": null
          },
          "sensitive_attributes": [],
          "identity_schema_version": 0,
          "private": "eyJlMmJmYjczMC1lY2FhLTExZTYtOGY4OC0zNDM2M2JjN2M0YzAiOnsiY3JlYXRlIjozNjAwMDAwMDAwMDAwLCJkZWxldGUiOjM2MDAwMDAwMDAwMDAsInJlYWQiOjMwMDAwMDAwMDAwMCwidXBkYXRlIjozNjAwMDAwMDAwMDAwfX0=",
          "dependencies": [
            "azurerm_postgresql_flexible_server.postgresql_server",
            "azurerm_private_dns_zone.postgresql",
            "azurerm_resource_group.rg_n8n",
            "azurerm_subnet.subnet_n8n_private_endpoints",
            "azurerm_virtual_network.vnet_n8n"
          ]
        }
      ]
    },
    {
      "mode": "managed",
      "type": "azurerm_resource_group",
      "name": "rg_n8n",
      "provider": "provider[\"registry.terraform.io/hashicorp/azurerm\"]",
      "instances": [
        {
          "schema_version": 0,
          "attributes": {
            "id": "/subscriptions/e968995a-e76b-4fbc-aaab-b176b8a06e0d/resourceGroups/rgp-n8n-poc-eus",
            "location": "eastus",
            "managed_by": "",
            "name": "rgp-n8n-poc-eus",
            "tags": {
              "Resource": "Test"
            },
            "timeouts": null
          },
          "sensitive_attributes": [],
          "identity_schema_version": 0,
          "private": "eyJlMmJmYjczMC1lY2FhLTExZTYtOGY4OC0zNDM2M2JjN2M0YzAiOnsiY3JlYXRlIjo1NDAwMDAwMDAwMDAwLCJkZWxldGUiOjU0MDAwMDAwMDAwMDAsInJlYWQiOjMwMDAwMDAwMDAwMCwidXBkYXRlIjo1NDAwMDAwMDAwMDAwfX0="
        }
      ]
    },
    {
      "mode": "managed",
      "type": "azurerm_role_assignment",
      "name": "acr_pull",
      "provider": "provider[\"registry.terraform.io/hashicorp/azurerm\"]",
      "instances": [
        {
          "schema_version": 0,
          "attributes": {
            "condition": "",
            "condition_version": "",
            "delegated_managed_identity_resource_id": "",
            "description": "",
            "id": "/subscriptions/e968995a-e76b-4fbc-aaab-b176b8a06e0d/resourceGroups/rgp-n8n-poc-eus/providers/Microsoft.ContainerRegistry/registries/cregn8npoceus/providers/Microsoft.Authorization/roleAssignments/71552fea-7ac2-c204-ccb1-0b0ae164e050",
            "name": "71552fea-7ac2-c204-ccb1-0b0ae164e050",
            "principal_id": "bfd87636-e1c7-4c16-870c-f067b3f69beb",
            "principal_type": "ServicePrincipal",
            "role_definition_id": "/subscriptions/e968995a-e76b-4fbc-aaab-b176b8a06e0d/providers/Microsoft.Authorization/roleDefinitions/7f951dda-4ed3-4680-a7ca-43fe172d538d",
            "role_definition_name": "AcrPull",
            "scope": "/subscriptions/e968995a-e76b-4fbc-aaab-b176b8a06e0d/resourceGroups/rgp-n8n-poc-eus/providers/Microsoft.ContainerRegistry/registries/cregn8npoceus",
            "skip_service_principal_aad_check": null,
            "timeouts": null
          },
          "sensitive_attributes": [],
          "identity_schema_version": 0,
          "private": "eyJlMmJmYjczMC1lY2FhLTExZTYtOGY4OC0zNDM2M2JjN2M0YzAiOnsiY3JlYXRlIjoxODAwMDAwMDAwMDAwLCJkZWxldGUiOjE4MDAwMDAwMDAwMDAsInJlYWQiOjMwMDAwMDAwMDAwMH19",
          "dependencies": [
            "azurerm_container_registry.acr_n8n",
            "azurerm_resource_group.rg_n8n",
            "azurerm_user_assigned_identity.container_app_identity"
          ]
        }
      ]
    },
    {
      "mode": "managed",
      "type": "azurerm_subnet",
      "name": "subnet_n8n_app",
      "provider": "provider[\"registry.terraform.io/hashicorp/azurerm\"]",
      "instances": [
        {
          "schema_version": 0,
          "attributes": {
            "address_prefixes": [
              "10.0.0.0/22"
            ],
            "default_outbound_access_enabled": true,
            "delegation": [
              {
                "name": "Microsoft.App.environments",
                "service_delegation": [
                  {
                    "actions": [
                      "Microsoft.Network/virtualNetworks/subnets/join/action"
                    ],
                    "name": "Microsoft.App/environments"
                  }
                ]
              }
            ],
            "id": "/subscriptions/e968995a-e76b-4fbc-aaab-b176b8a06e0d/resourceGroups/rgp-n8n-poc-eus/providers/Microsoft.Network/virtualNetworks/vnet-n8n-poc-eus/subnets/subnet-n8n-poc-eus-app",
            "name": "subnet-n8n-poc-eus-app",
            "private_endpoint_network_policies": "Disabled",
            "private_link_service_network_policies_enabled": true,
            "resource_group_name": "rgp-n8n-poc-eus",
            "service_endpoint_policy_ids": [],
            "service_endpoints": [],
            "timeouts": null,
            "virtual_network_name": "vnet-n8n-poc-eus"
          },
          "sensitive_attributes": [],
          "identity_schema_version": 0,
          "private": "eyJlMmJmYjczMC1lY2FhLTExZTYtOGY4OC0zNDM2M2JjN2M0YzAiOnsiY3JlYXRlIjoxODAwMDAwMDAwMDAwLCJkZWxldGUiOjE4MDAwMDAwMDAwMDAsInJlYWQiOjMwMDAwMDAwMDAwMCwidXBkYXRlIjoxODAwMDAwMDAwMDAwfX0=",
          "dependencies": [
            "azurerm_resource_group.rg_n8n",
            "azurerm_virtual_network.vnet_n8n"
          ]
        }
      ]
    },
    {
      "mode": "managed",
      "type": "azurerm_subnet",
      "name": "subnet_n8n_private_endpoints",
      "provider": "provider[\"registry.terraform.io/hashicorp/azurerm\"]",
      "instances": [
        {
          "schema_version": 0,
          "attributes": {
            "address_prefixes": [
              "10.0.4.0/24"
            ],
            "default_outbound_access_enabled": true,
            "delegation": [],
            "id": "/subscriptions/e968995a-e76b-4fbc-aaab-b176b8a06e0d/resourceGroups/rgp-n8n-poc-eus/providers/Microsoft.Network/virtualNetworks/vnet-n8n-poc-eus/subnets/subnet-n8n-poc-eus-pe",
            "name": "subnet-n8n-poc-eus-pe",
            "private_endpoint_network_policies": "Disabled",
            "private_link_service_network_policies_enabled": true,
            "resource_group_name": "rgp-n8n-poc-eus",
            "service_endpoint_policy_ids": [],
            "service_endpoints": [],
            "timeouts": null,
            "virtual_network_name": "vnet-n8n-poc-eus"
          },
          "sensitive_attributes": [],
          "identity_schema_version": 0,
          "private": "eyJlMmJmYjczMC1lY2FhLTExZTYtOGY4OC0zNDM2M2JjN2M0YzAiOnsiY3JlYXRlIjoxODAwMDAwMDAwMDAwLCJkZWxldGUiOjE4MDAwMDAwMDAwMDAsInJlYWQiOjMwMDAwMDAwMDAwMCwidXBkYXRlIjoxODAwMDAwMDAwMDAwfX0=",
          "dependencies": [
            "azurerm_resource_group.rg_n8n",
            "azurerm_virtual_network.vnet_n8n"
          ]
        }
      ]
    },
    {
      "mode": "managed",
      "type": "azurerm_subnet_network_security_group_association",
      "name": "nsg_association_app",
      "provider": "provider[\"registry.terraform.io/hashicorp/azurerm\"]",
      "instances": [
        {
          "schema_version": 0,
          "attributes": {
            "id": "/subscriptions/e968995a-e76b-4fbc-aaab-b176b8a06e0d/resourceGroups/rgp-n8n-poc-eus/providers/Microsoft.Network/virtualNetworks/vnet-n8n-poc-eus/subnets/subnet-n8n-poc-eus-app",
            "network_security_group_id": "/subscriptions/e968995a-e76b-4fbc-aaab-b176b8a06e0d/resourceGroups/rgp-n8n-poc-eus/providers/Microsoft.Network/networkSecurityGroups/nsg-n8n-poc-eus-app",
            "subnet_id": "/subscriptions/e968995a-e76b-4fbc-aaab-b176b8a06e0d/resourceGroups/rgp-n8n-poc-eus/providers/Microsoft.Network/virtualNetworks/vnet-n8n-poc-eus/subnets/subnet-n8n-poc-eus-app",
            "timeouts": null
          },
          "sensitive_attributes": [],
          "identity_schema_version": 0,
          "private": "eyJlMmJmYjczMC1lY2FhLTExZTYtOGY4OC0zNDM2M2JjN2M0YzAiOnsiY3JlYXRlIjoxODAwMDAwMDAwMDAwLCJkZWxldGUiOjE4MDAwMDAwMDAwMDAsInJlYWQiOjMwMDAwMDAwMDAwMH19",
          "dependencies": [
            "azurerm_network_security_group.nsg_n8n_app",
            "azurerm_resource_group.rg_n8n",
            "azurerm_subnet.subnet_n8n_app",
            "azurerm_virtual_network.vnet_n8n"
          ]
        }
      ]
    },
    {
      "mode": "managed",
      "type": "azurerm_subnet_network_security_group_association",
      "name": "nsg_association_private_endpoints",
      "provider": "provider[\"registry.terraform.io/hashicorp/azurerm\"]",
      "instances": [
        {
          "schema_version": 0,
          "attributes": {
            "id": "/subscriptions/e968995a-e76b-4fbc-aaab-b176b8a06e0d/resourceGroups/rgp-n8n-poc-eus/providers/Microsoft.Network/virtualNetworks/vnet-n8n-poc-eus/subnets/subnet-n8n-poc-eus-pe",
            "network_security_group_id": "/subscriptions/e968995a-e76b-4fbc-aaab-b176b8a06e0d/resourceGroups/rgp-n8n-poc-eus/providers/Microsoft.Network/networkSecurityGroups/nsg-n8n-poc-eus-pe",
            "subnet_id": "/subscriptions/e968995a-e76b-4fbc-aaab-b176b8a06e0d/resourceGroups/rgp-n8n-poc-eus/providers/Microsoft.Network/virtualNetworks/vnet-n8n-poc-eus/subnets/subnet-n8n-poc-eus-pe",
            "timeouts": null
          },
          "sensitive_attributes": [],
          "identity_schema_version": 0,
          "private": "eyJlMmJmYjczMC1lY2FhLTExZTYtOGY4OC0zNDM2M2JjN2M0YzAiOnsiY3JlYXRlIjoxODAwMDAwMDAwMDAwLCJkZWxldGUiOjE4MDAwMDAwMDAwMDAsInJlYWQiOjMwMDAwMDAwMDAwMH19",
          "dependencies": [
            "azurerm_network_security_group.nsg_n8n_private_endpoints",
            "azurerm_resource_group.rg_n8n",
            "azurerm_subnet.subnet_n8n_private_endpoints",
            "azurerm_virtual_network.vnet_n8n"
          ]
        }
      ]
    },
    {
      "mode": "managed",
      "type": "azurerm_user_assigned_identity",
      "name": "container_app_identity",
      "provider": "provider[\"registry.terraform.io/hashicorp/azurerm\"]",
      "instances": [
        {
          "schema_version": 1,
          "attributes": {
            "client_id": "45ab1007-6645-4c3f-8f68-ed43f4aa06d1",
            "id": "/subscriptions/e968995a-e76b-4fbc-aaab-b176b8a06e0d/resourceGroups/rgp-n8n-poc-eus/providers/Microsoft.ManagedIdentity/userAssignedIdentities/id-ca-n8n-poc-eus-containerapp",
            "location": "eastus",
            "name": "id-ca-n8n-poc-eus-containerapp",
            "principal_id": "bfd87636-e1c7-4c16-870c-f067b3f69beb",
            "resource_group_name": "rgp-n8n-poc-eus",
            "tags": {
              "Resource": "Test"
            },
            "tenant_id": "a41367e8-54d3-456e-8732-cd2eeebb2816",
            "timeouts": null
          },
          "sensitive_attributes": [],
          "identity_schema_version": 0,
          "private": "eyJlMmJmYjczMC1lY2FhLTExZTYtOGY4OC0zNDM2M2JjN2M0YzAiOnsiY3JlYXRlIjoxODAwMDAwMDAwMDAwLCJkZWxldGUiOjE4MDAwMDAwMDAwMDAsInJlYWQiOjMwMDAwMDAwMDAwMCwidXBkYXRlIjoxODAwMDAwMDAwMDAwfSwic2NoZW1hX3ZlcnNpb24iOiIxIn0=",
          "dependencies": [
            "azurerm_resource_group.rg_n8n"
          ]
        }
      ]
    },
    {
      "mode": "managed",
      "type": "azurerm_virtual_network",
      "name": "vnet_n8n",
      "provider": "provider[\"registry.terraform.io/hashicorp/azurerm\"]",
      "instances": [
        {
          "schema_version": 0,
          "attributes": {
            "address_space": [
              "10.0.0.0/16"
            ],
            "bgp_community": "",
            "ddos_protection_plan": [],
            "dns_servers": [],
            "edge_zone": "",
            "encryption": [],
            "flow_timeout_in_minutes": 0,
            "guid": "8260d2a1-cb01-4d0c-8f13-09ca303636d8",
            "id": "/subscriptions/e968995a-e76b-4fbc-aaab-b176b8a06e0d/resourceGroups/rgp-n8n-poc-eus/providers/Microsoft.Network/virtualNetworks/vnet-n8n-poc-eus",
            "location": "eastus",
            "name": "vnet-n8n-poc-eus",
            "resource_group_name": "rgp-n8n-poc-eus",
            "subnet": [
              {
                "address_prefixes": [
                  "10.0.0.0/22"
                ],
                "default_outbound_access_enabled": true,
                "delegation": [
                  {
                    "name": "Microsoft.App.environments",
                    "service_delegation": [
                      {
                        "actions": [
                          "Microsoft.Network/virtualNetworks/subnets/join/action"
                        ],
                        "name": "Microsoft.App/environments"
                      }
                    ]
                  }
                ],
                "id": "/subscriptions/e968995a-e76b-4fbc-aaab-b176b8a06e0d/resourceGroups/rgp-n8n-poc-eus/providers/Microsoft.Network/virtualNetworks/vnet-n8n-poc-eus/subnets/subnet-n8n-poc-eus-app",
                "name": "subnet-n8n-poc-eus-app",
                "private_endpoint_network_policies": "Disabled",
                "private_link_service_network_policies_enabled": true,
                "route_table_id": "",
                "security_group": "/subscriptions/e968995a-e76b-4fbc-aaab-b176b8a06e0d/resourceGroups/rgp-n8n-poc-eus/providers/Microsoft.Network/networkSecurityGroups/nsg-n8n-poc-eus-app",
                "service_endpoint_policy_ids": [],
                "service_endpoints": []
              },
              {
                "address_prefixes": [
                  "10.0.4.0/24"
                ],
                "default_outbound_access_enabled": true,
                "delegation": [],
                "id": "/subscriptions/e968995a-e76b-4fbc-aaab-b176b8a06e0d/resourceGroups/rgp-n8n-poc-eus/providers/Microsoft.Network/virtualNetworks/vnet-n8n-poc-eus/subnets/subnet-n8n-poc-eus-pe",
                "name": "subnet-n8n-poc-eus-pe",
                "private_endpoint_network_policies": "Disabled",
                "private_link_service_network_policies_enabled": true,
                "route_table_id": "",
                "security_group": "/subscriptions/e968995a-e76b-4fbc-aaab-b176b8a06e0d/resourceGroups/rgp-n8n-poc-eus/providers/Microsoft.Network/networkSecurityGroups/nsg-n8n-poc-eus-pe",
                "service_endpoint_policy_ids": [],
                "service_endpoints": []
              }
            ],
            "tags": {
              "Resource": "Test"
            },
            "timeouts": null
          },
          "sensitive_attributes": [],
          "identity_schema_version": 0,
          "private": "eyJlMmJmYjczMC1lY2FhLTExZTYtOGY4OC0zNDM2M2JjN2M0YzAiOnsiY3JlYXRlIjoxODAwMDAwMDAwMDAwLCJkZWxldGUiOjE4MDAwMDAwMDAwMDAsInJlYWQiOjMwMDAwMDAwMDAwMCwidXBkYXRlIjoxODAwMDAwMDAwMDAwfX0=",
          "dependencies": [
            "azurerm_resource_group.rg_n8n"
          ]
        }
      ]
    },
    {
      "mode": "managed",
      "type": "null_resource",
      "name": "build_and_push_trends_mcp_image",
      "provider": "provider[\"registry.terraform.io/hashicorp/null\"]",
      "instances": [
        {
          "schema_version": 0,
          "attributes": {
            "id": "7846778337877207664",
            "triggers": {
              "acr_id": "/subscriptions/e968995a-e76b-4fbc-aaab-b176b8a06e0d/resourceGroups/rgp-n8n-poc-eus/providers/Microsoft.ContainerRegistry/registries/cregn8npoceus",
              "dockerfile_hash": "c3b1a957af4b02eb28dade5f0b9d3aa4",
              "image_tag": "latest",
              "requirements_hash": "b73eeb2f3d006c7167b3d3f62c1d0221",
              "server_hash": "eb8e44a3ead0e26313aa6c9da6d07851",
              "source_path": "../Repos/Trends-MCP"
            }
          },
          "sensitive_attributes": [],
          "identity_schema_version": 0,
          "dependencies": [
            "azurerm_container_registry.acr_n8n",
            "azurerm_resource_group.rg_n8n"
          ]
        }
      ]
    },
    {
      "mode": "managed",
      "type": "null_resource",
      "name": "import_n8n_image",
      "provider": "provider[\"registry.terraform.io/hashicorp/null\"]",
      "instances": [
        {
          "schema_version": 0,
          "attributes": {
            "id": "770343142381537930",
            "triggers": {
              "acr_id": "/subscriptions/e968995a-e76b-4fbc-aaab-b176b8a06e0d/resourceGroups/rgp-n8n-poc-eus/providers/Microsoft.ContainerRegistry/registries/cregn8npoceus"
            }
          },
          "sensitive_attributes": [],
          "identity_schema_version": 0,
          "dependencies": [
            "azurerm_container_registry.acr_n8n",
            "azurerm_resource_group.rg_n8n"
          ]
        }
      ]
    },
    {
      "mode": "managed",
      "type": "random_password",
      "name": "n8n_encryption_key",
      "provider": "provider[\"registry.terraform.io/hashicorp/random\"]",
      "instances": [
        {
          "schema_version": 3,
          "attributes": {
            "bcrypt_hash": "$2a$10$NFzi14qndNUFI05M16aZ6uzH2gSEBiQzmc3dTGYkJUF.Ouw5z90tS",
            "id": "none",
            "keepers": null,
            "length": 32,
            "lower": true,
            "min_lower": 0,
            "min_numeric": 0,
            "min_special": 0,
            "min_upper": 0,
            "number": true,
            "numeric": true,
            "override_special": null,
            "result": "qUCNgG4rVvWNKKeOyk2It0U53Xhv3wdv",
            "special": false,
            "upper": true
          },
          "sensitive_attributes": [
            [
              {
                "type": "get_attr",
                "value": "bcrypt_hash"
              }
            ],
            [
              {
                "type": "get_attr",
                "value": "result"
              }
            ]
          ],
          "identity_schema_version": 0
        }
      ]
    }
  ],
  "check_results": null
}
